Microsoft Visual Studio Solution File, Format Version 12.00
# Visual Studio Version 16
VisualStudioVersion = 16.0.28803.352
MinimumVisualStudioVersion = 10.0.40219.1
Project("{8BC9CEB8-8B4A-11D0-8D11-00A0C91BC942}") = "common-dll", "common\common-dll.vcxproj", "{7D1CABD0-F175-42A3-97D9-95826010E8E0}"
	ProjectSection(ProjectDependencies) = postProject
		{E21CD50F-FFC5-4B83-A598-403A67774279} = {E21CD50F-FFC5-4B83-A598-403A67774279}
		{E05ADE41-1440-47E3-B03D-4871361992D2} = {E05ADE41-1440-47E3-B03D-4871361992D2}
		{7898555D-9DA7-4653-AA0F-C718BE86B923} = {7898555D-9DA7-4653-AA0F-C718BE86B923}
		{A7EAE2C0-7E4C-4468-BB63-D72320D330A7} = {A7EAE2C0-7E4C-4468-BB63-D72320D330A7}
	EndProjectSection
EndProject
Project("{8BC9CEB8-8B4A-11D0-8D11-00A0C91BC942}") = "cmdline-dll", "support-modules\cmdline\cmdline-dll.vcxproj", "{E21CD50F-FFC5-4B83-A598-403A67774279}"
	ProjectSection(ProjectDependencies) = postProject
		{7898555D-9DA7-4653-AA0F-C718BE86B923} = {7898555D-9DA7-4653-AA0F-C718BE86B923}
		{A7EAE2C0-7E4C-4468-BB63-D72320D330A7} = {A7EAE2C0-7E4C-4468-BB63-D72320D330A7}
	EndProjectSection
EndProject
Project("{8BC9CEB8-8B4A-11D0-8D11-00A0C91BC942}") = "logging-dll", "support-modules\logging\logging-dll.vcxproj", "{7898555D-9DA7-4653-AA0F-C718BE86B923}"
EndProject
Project("{8BC9CEB8-8B4A-11D0-8D11-00A0C91BC942}") = "utilities-dll", "support-modules\utilities\utilities-dll.vcxproj", "{A7EAE2C0-7E4C-4468-BB63-D72320D330A7}"
	ProjectSection(ProjectDependencies) = postProject
		{7898555D-9DA7-4653-AA0F-C718BE86B923} = {7898555D-9DA7-4653-AA0F-C718BE86B923}
	EndProjectSection
EndProject
Project("{8BC9CEB8-8B4A-11D0-8D11-00A0C91BC942}") = "xml-dll", "support-modules\xml\xml-dll.vcxproj", "{E05ADE41-1440-47E3-B03D-4871361992D2}"
	ProjectSection(ProjectDependencies) = postProject
		{E21CD50F-FFC5-4B83-A598-403A67774279} = {E21CD50F-FFC5-4B83-A598-403A67774279}
		{7898555D-9DA7-4653-AA0F-C718BE86B923} = {7898555D-9DA7-4653-AA0F-C718BE86B923}
		{A7EAE2C0-7E4C-4468-BB63-D72320D330A7} = {A7EAE2C0-7E4C-4468-BB63-D72320D330A7}
	EndProjectSection
EndProject
Project("{8BC9CEB8-8B4A-11D0-8D11-00A0C91BC942}") = "common-dll-test", "common\unit-tests\commit\common-dll-test.vcxproj", "{F0FB8670-50EF-4A41-A957-1B7E479E0AEA}"
	ProjectSection(ProjectDependencies) = postProject
		{7898555D-9DA7-4653-AA0F-C718BE86B923} = {7898555D-9DA7-4653-AA0F-C718BE86B923}
		{C8F6C172-56F2-4E76-B5FA-C3B423B31BE8} = {C8F6C172-56F2-4E76-B5FA-C3B423B31BE8}
		{A7EAE2C0-7E4C-4468-BB63-D72320D330A7} = {A7EAE2C0-7E4C-4468-BB63-D72320D330A7}
		{7D1CABD0-F175-42A3-97D9-95826010E8E0} = {7D1CABD0-F175-42A3-97D9-95826010E8E0}
		{FEC5D9F8-3F83-47F6-93BF-4B1DB9A0E30B} = {FEC5D9F8-3F83-47F6-93BF-4B1DB9A0E30B}
	EndProjectSection
EndProject
Project("{8BC9CEB8-8B4A-11D0-8D11-00A0C91BC942}") = "fsm-example1", "common\examples\fsm-example1\fsm-example1.vcxproj", "{E6451760-16CC-475F-B2BB-E834488448DE}"
	ProjectSection(ProjectDependencies) = postProject
		{7D1CABD0-F175-42A3-97D9-95826010E8E0} = {7D1CABD0-F175-42A3-97D9-95826010E8E0}
		{9970D1D0-CCA2-46C5-BC1B-72EF0BF9E156} = {9970D1D0-CCA2-46C5-BC1B-72EF0BF9E156}
	EndProjectSection
EndProject
Project("{8BC9CEB8-8B4A-11D0-8D11-00A0C91BC942}") = "fsm-example2", "common\examples\fsm-example2\fsm-example2.vcxproj", "{3B495E73-0089-4763-8AD7-A35C4A396511}"
	ProjectSection(ProjectDependencies) = postProject
		{7D1CABD0-F175-42A3-97D9-95826010E8E0} = {7D1CABD0-F175-42A3-97D9-95826010E8E0}
		{9970D1D0-CCA2-46C5-BC1B-72EF0BF9E156} = {9970D1D0-CCA2-46C5-BC1B-72EF0BF9E156}
	EndProjectSection
EndProject
Project("{8BC9CEB8-8B4A-11D0-8D11-00A0C91BC942}") = "message-example1", "common\examples\message-example1\message-example1.vcxproj", "{28CF8FF7-D102-4002-A09D-91ADFD5257DC}"
	ProjectSection(ProjectDependencies) = postProject
		{E21CD50F-FFC5-4B83-A598-403A67774279} = {E21CD50F-FFC5-4B83-A598-403A67774279}
		{7898555D-9DA7-4653-AA0F-C718BE86B923} = {7898555D-9DA7-4653-AA0F-C718BE86B923}
		{A7EAE2C0-7E4C-4468-BB63-D72320D330A7} = {A7EAE2C0-7E4C-4468-BB63-D72320D330A7}
		{7D1CABD0-F175-42A3-97D9-95826010E8E0} = {7D1CABD0-F175-42A3-97D9-95826010E8E0}
	EndProjectSection
EndProject
Project("{8BC9CEB8-8B4A-11D0-8D11-00A0C91BC942}") = "message-example2", "common\examples\message-example2\message-example2.vcxproj", "{A514EF4E-BD36-46D2-8939-5E7F85EF5374}"
	ProjectSection(ProjectDependencies) = postProject
		{E21CD50F-FFC5-4B83-A598-403A67774279} = {E21CD50F-FFC5-4B83-A598-403A67774279}
		{7898555D-9DA7-4653-AA0F-C718BE86B923} = {7898555D-9DA7-4653-AA0F-C718BE86B923}
		{A7EAE2C0-7E4C-4468-BB63-D72320D330A7} = {A7EAE2C0-7E4C-4468-BB63-D72320D330A7}
		{7D1CABD0-F175-42A3-97D9-95826010E8E0} = {7D1CABD0-F175-42A3-97D9-95826010E8E0}
	EndProjectSection
EndProject
Project("{8BC9CEB8-8B4A-11D0-8D11-00A0C91BC942}") = "message-example3-blocking", "common\examples\message-example3-blocking\message-example3-blocking.vcxproj", "{FBB52D8A-C1E1-4903-BAF5-28A6456B4891}"
	ProjectSection(ProjectDependencies) = postProject
		{7898555D-9DA7-4653-AA0F-C718BE86B923} = {7898555D-9DA7-4653-AA0F-C718BE86B923}
		{A7EAE2C0-7E4C-4468-BB63-D72320D330A7} = {A7EAE2C0-7E4C-4468-BB63-D72320D330A7}
		{7D1CABD0-F175-42A3-97D9-95826010E8E0} = {7D1CABD0-F175-42A3-97D9-95826010E8E0}
	EndProjectSection
EndProject
Project("{8BC9CEB8-8B4A-11D0-8D11-00A0C91BC942}") = "message-example4-timer", "common\examples\message-example4-timer\message-example4-timer.vcxproj", "{0729C115-83B1-40B3-9B15-3F44F712A4A6}"
	ProjectSection(ProjectDependencies) = postProject
		{7898555D-9DA7-4653-AA0F-C718BE86B923} = {7898555D-9DA7-4653-AA0F-C718BE86B923}
		{A7EAE2C0-7E4C-4468-BB63-D72320D330A7} = {A7EAE2C0-7E4C-4468-BB63-D72320D330A7}
		{7D1CABD0-F175-42A3-97D9-95826010E8E0} = {7D1CABD0-F175-42A3-97D9-95826010E8E0}
	EndProjectSection
EndProject
Project("{8BC9CEB8-8B4A-11D0-8D11-00A0C91BC942}") = "cmdline-dll-test", "support-modules\cmdline\unit-tests\commit\cmdline-dll-test.vcxproj", "{933D31C5-6A28-4410-BBCE-50A5E71EEA40}"
	ProjectSection(ProjectDependencies) = postProject
		{E21CD50F-FFC5-4B83-A598-403A67774279} = {E21CD50F-FFC5-4B83-A598-403A67774279}
		{7898555D-9DA7-4653-AA0F-C718BE86B923} = {7898555D-9DA7-4653-AA0F-C718BE86B923}
		{A7EAE2C0-7E4C-4468-BB63-D72320D330A7} = {A7EAE2C0-7E4C-4468-BB63-D72320D330A7}
		{FEC5D9F8-3F83-47F6-93BF-4B1DB9A0E30B} = {FEC5D9F8-3F83-47F6-93BF-4B1DB9A0E30B}
	EndProjectSection
EndProject
Project("{8BC9CEB8-8B4A-11D0-8D11-00A0C91BC942}") = "logging-dll-test", "support-modules\logging\unit-tests\commit\logging-dll-test.vcxproj", "{B78397AA-1715-4262-93B1-662F59BC4CDF}"
	ProjectSection(ProjectDependencies) = postProject
		{E21CD50F-FFC5-4B83-A598-403A67774279} = {E21CD50F-FFC5-4B83-A598-403A67774279}
		{7898555D-9DA7-4653-AA0F-C718BE86B923} = {7898555D-9DA7-4653-AA0F-C718BE86B923}
		{A7EAE2C0-7E4C-4468-BB63-D72320D330A7} = {A7EAE2C0-7E4C-4468-BB63-D72320D330A7}
		{FEC5D9F8-3F83-47F6-93BF-4B1DB9A0E30B} = {FEC5D9F8-3F83-47F6-93BF-4B1DB9A0E30B}
	EndProjectSection
EndProject
Project("{8BC9CEB8-8B4A-11D0-8D11-00A0C91BC942}") = "utilities-dll-test", "support-modules\utilities\unit-tests\commit\utilities-dll-test.vcxproj", "{E37B56D2-10FD-4038-A8B5-55BE80C486D2}"
	ProjectSection(ProjectDependencies) = postProject
		{C8F6C172-56F2-4E76-B5FA-C3B423B31BE8} = {C8F6C172-56F2-4E76-B5FA-C3B423B31BE8}
		{A7EAE2C0-7E4C-4468-BB63-D72320D330A7} = {A7EAE2C0-7E4C-4468-BB63-D72320D330A7}
		{FEC5D9F8-3F83-47F6-93BF-4B1DB9A0E30B} = {FEC5D9F8-3F83-47F6-93BF-4B1DB9A0E30B}
	EndProjectSection
EndProject
Project("{8BC9CEB8-8B4A-11D0-8D11-00A0C91BC942}") = "xml-dll-test", "support-modules\xml\unit-tests\commit\xml-dll-test.vcxproj", "{30B0A5F3-6D3C-4639-B474-C2AEB02A0E02}"
	ProjectSection(ProjectDependencies) = postProject
		{E05ADE41-1440-47E3-B03D-4871361992D2} = {E05ADE41-1440-47E3-B03D-4871361992D2}
		{FEC5D9F8-3F83-47F6-93BF-4B1DB9A0E30B} = {FEC5D9F8-3F83-47F6-93BF-4B1DB9A0E30B}
	EndProjectSection
EndProject
Project("{8BC9CEB8-8B4A-11D0-8D11-00A0C91BC942}") = "logging-example1", "support-modules\logging\examples\logging-example1\logging-example1.vcxproj", "{EC9C8AD4-5DF6-48C0-8503-3F301DA5B172}"
	ProjectSection(ProjectDependencies) = postProject
		{E21CD50F-FFC5-4B83-A598-403A67774279} = {E21CD50F-FFC5-4B83-A598-403A67774279}
		{7898555D-9DA7-4653-AA0F-C718BE86B923} = {7898555D-9DA7-4653-AA0F-C718BE86B923}
		{A7EAE2C0-7E4C-4468-BB63-D72320D330A7} = {A7EAE2C0-7E4C-4468-BB63-D72320D330A7}
	EndProjectSection
EndProject
Project("{8BC9CEB8-8B4A-11D0-8D11-00A0C91BC942}") = "testlib", "support-modules\testlib\testlib.vcxproj", "{FEC5D9F8-3F83-47F6-93BF-4B1DB9A0E30B}"
	ProjectSection(ProjectDependencies) = postProject
		{E21CD50F-FFC5-4B83-A598-403A67774279} = {E21CD50F-FFC5-4B83-A598-403A67774279}
		{7898555D-9DA7-4653-AA0F-C718BE86B923} = {7898555D-9DA7-4653-AA0F-C718BE86B923}
		{C8F6C172-56F2-4E76-B5FA-C3B423B31BE8} = {C8F6C172-56F2-4E76-B5FA-C3B423B31BE8}
		{A7EAE2C0-7E4C-4468-BB63-D72320D330A7} = {A7EAE2C0-7E4C-4468-BB63-D72320D330A7}
	EndProjectSection
EndProject
Project("{8BC9CEB8-8B4A-11D0-8D11-00A0C91BC942}") = "gtest-md", "gtest\msvc\2010\gtest-md.vcxproj", "{C8F6C172-56F2-4E76-B5FA-C3B423B31BE8}"
EndProject
Project("{8BC9CEB8-8B4A-11D0-8D11-00A0C91BC942}") = "xml-example1", "support-modules\xml\examples\xml-example1\xml-example1.vcxproj", "{BD43AA5C-0A47-4D6D-A651-AD60CC1C0D70}"
	ProjectSection(ProjectDependencies) = postProject
		{E21CD50F-FFC5-4B83-A598-403A67774279} = {E21CD50F-FFC5-4B83-A598-403A67774279}
		{E05ADE41-1440-47E3-B03D-4871361992D2} = {E05ADE41-1440-47E3-B03D-4871361992D2}
		{F7413648-DBC9-4747-B4F2-1C91102093C0} = {F7413648-DBC9-4747-B4F2-1C91102093C0}
		{7898555D-9DA7-4653-AA0F-C718BE86B923} = {7898555D-9DA7-4653-AA0F-C718BE86B923}
		{A7EAE2C0-7E4C-4468-BB63-D72320D330A7} = {A7EAE2C0-7E4C-4468-BB63-D72320D330A7}
		{7D1CABD0-F175-42A3-97D9-95826010E8E0} = {7D1CABD0-F175-42A3-97D9-95826010E8E0}
		{78FCF8E4-4F71-46AC-9888-0A58D97E40A4} = {78FCF8E4-4F71-46AC-9888-0A58D97E40A4}
		{FEC5D9F8-3F83-47F6-93BF-4B1DB9A0E30B} = {FEC5D9F8-3F83-47F6-93BF-4B1DB9A0E30B}
	EndProjectSection
EndProject
Project("{2150E333-8FDC-42A3-9474-1A3956D46DE8}") = "support-modules", "support-modules", "{5AEA0D15-D2CD-4654-B8E4-6A5FE615CF15}"
EndProject
Project("{2150E333-8FDC-42A3-9474-1A3956D46DE8}") = "examples", "examples", "{18C60D6E-1CFF-40F4-8E97-FF9A8B7BA771}"
EndProject
Project("{2150E333-8FDC-42A3-9474-1A3956D46DE8}") = "core", "core", "{E8B318C7-6A4B-43F3-8237-15E218D4266A}"
EndProject
Project("{8BC9CEB8-8B4A-11D0-8D11-00A0C91BC942}") = "control-engine", "control-engine\control-engine.vcxproj", "{F7413648-DBC9-4747-B4F2-1C91102093C0}"
	ProjectSection(ProjectDependencies) = postProject
		{E21CD50F-FFC5-4B83-A598-403A67774279} = {E21CD50F-FFC5-4B83-A598-403A67774279}
		{E05ADE41-1440-47E3-B03D-4871361992D2} = {E05ADE41-1440-47E3-B03D-4871361992D2}
		{7898555D-9DA7-4653-AA0F-C718BE86B923} = {7898555D-9DA7-4653-AA0F-C718BE86B923}
		{A7EAE2C0-7E4C-4468-BB63-D72320D330A7} = {A7EAE2C0-7E4C-4468-BB63-D72320D330A7}
		{7D1CABD0-F175-42A3-97D9-95826010E8E0} = {7D1CABD0-F175-42A3-97D9-95826010E8E0}
	EndProjectSection
EndProject
Project("{8BC9CEB8-8B4A-11D0-8D11-00A0C91BC942}") = "gui-logmaster-dll", "gui\logmaster\logmaster.vcxproj", "{BEE7CEEE-7A0C-44A4-9D07-01B7D127D341}"
	ProjectSection(ProjectDependencies) = postProject
		{F3CB9121-6331-49AB-B440-5FF9BE862BA0} = {F3CB9121-6331-49AB-B440-5FF9BE862BA0}
		{5AE76ECA-77F1-4D94-AB3B-CA570099A9A5} = {5AE76ECA-77F1-4D94-AB3B-CA570099A9A5}
		{3456BBF3-34D6-400D-B48B-5F5E081F69ED} = {3456BBF3-34D6-400D-B48B-5F5E081F69ED}
	EndProjectSection
EndProject
Project("{8BC9CEB8-8B4A-11D0-8D11-00A0C91BC942}") = "api-logmaster-dll", "api\api-logmaster\api-logmaster-dll.vcxproj", "{3456BBF3-34D6-400D-B48B-5F5E081F69ED}"
	ProjectSection(ProjectDependencies) = postProject
		{E21CD50F-FFC5-4B83-A598-403A67774279} = {E21CD50F-FFC5-4B83-A598-403A67774279}
		{7898555D-9DA7-4653-AA0F-C718BE86B923} = {7898555D-9DA7-4653-AA0F-C718BE86B923}
		{A7EAE2C0-7E4C-4468-BB63-D72320D330A7} = {A7EAE2C0-7E4C-4468-BB63-D72320D330A7}
	EndProjectSection
EndProject
Project("{8BC9CEB8-8B4A-11D0-8D11-00A0C91BC942}") = "gui-logmaster-example1", "gui\logmaster\examples\gui-qt-logmaster-example1\gui-qt-logmaster-example1.vcxproj", "{27DDD63B-CD66-4039-A109-25DD661775F3}"
	ProjectSection(ProjectDependencies) = postProject
		{F3CB9121-6331-49AB-B440-5FF9BE862BA0} = {F3CB9121-6331-49AB-B440-5FF9BE862BA0}
		{BEE7CEEE-7A0C-44A4-9D07-01B7D127D341} = {BEE7CEEE-7A0C-44A4-9D07-01B7D127D341}
	EndProjectSection
EndProject
Project("{2150E333-8FDC-42A3-9474-1A3956D46DE8}") = "gui", "gui", "{52057455-3FB8-4294-BA64-9FF1C1656E68}"
EndProject
Project("{8BC9CEB8-8B4A-11D0-8D11-00A0C91BC942}") = "gui-common-dll", "gui\common\common.vcxproj", "{5AE76ECA-77F1-4D94-AB3B-CA570099A9A5}"
	ProjectSection(ProjectDependencies) = postProject
		{F3CB9121-6331-49AB-B440-5FF9BE862BA0} = {F3CB9121-6331-49AB-B440-5FF9BE862BA0}
		{7898555D-9DA7-4653-AA0F-C718BE86B923} = {7898555D-9DA7-4653-AA0F-C718BE86B923}
		{A7EAE2C0-7E4C-4468-BB63-D72320D330A7} = {A7EAE2C0-7E4C-4468-BB63-D72320D330A7}
	EndProjectSection
EndProject
Project("{8BC9CEB8-8B4A-11D0-8D11-00A0C91BC942}") = "gui-resources", "gui\resources\resources.vcxproj", "{F3CB9121-6331-49AB-B440-5FF9BE862BA0}"
EndProject
Project("{8BC9CEB8-8B4A-11D0-8D11-00A0C91BC942}") = "gui-logger-dll", "gui\logger\logger.vcxproj", "{CEB2F17D-6561-4018-B46A-7EAF3F1E0E99}"
	ProjectSection(ProjectDependencies) = postProject
		{F3CB9121-6331-49AB-B440-5FF9BE862BA0} = {F3CB9121-6331-49AB-B440-5FF9BE862BA0}
		{5AE76ECA-77F1-4D94-AB3B-CA570099A9A5} = {5AE76ECA-77F1-4D94-AB3B-CA570099A9A5}
		{BEE7CEEE-7A0C-44A4-9D07-01B7D127D341} = {BEE7CEEE-7A0C-44A4-9D07-01B7D127D341}
	EndProjectSection
EndProject
Project("{8BC9CEB8-8B4A-11D0-8D11-00A0C91BC942}") = "gui-logger-example1", "gui\logger\examples\gui-loggergui-example1\gui-loggergui-example1.vcxproj", "{43E42C1D-CD7F-4B18-8980-DDE662435167}"
	ProjectSection(ProjectDependencies) = postProject
		{CEB2F17D-6561-4018-B46A-7EAF3F1E0E99} = {CEB2F17D-6561-4018-B46A-7EAF3F1E0E99}
	EndProjectSection
EndProject
Project("{8BC9CEB8-8B4A-11D0-8D11-00A0C91BC942}") = "control-engine-unittest", "control-engine\unit-tests\commit\control-engine-unittests.vcxproj", "{4D2F8C0F-31A5-4658-9474-0C18439A232F}"
	ProjectSection(ProjectDependencies) = postProject
		{F7413648-DBC9-4747-B4F2-1C91102093C0} = {F7413648-DBC9-4747-B4F2-1C91102093C0}
		{FEC5D9F8-3F83-47F6-93BF-4B1DB9A0E30B} = {FEC5D9F8-3F83-47F6-93BF-4B1DB9A0E30B}
	EndProjectSection
EndProject
Project("{8BC9CEB8-8B4A-11D0-8D11-00A0C91BC942}") = "gui-main", "gui\application\main\gui-main.vcxproj", "{77EAB52B-7580-4874-9EB4-1C815ABB0DC6}"
	ProjectSection(ProjectDependencies) = postProject
		{59104300-215D-4D30-9700-AC9561F38407} = {59104300-215D-4D30-9700-AC9561F38407}
		{7FDEC709-A15D-4ED0-AC05-460A0635F98D} = {7FDEC709-A15D-4ED0-AC05-460A0635F98D}
		{2C0BC00B-E1C4-4647-9F46-19B311D7413F} = {2C0BC00B-E1C4-4647-9F46-19B311D7413F}
		{F3CB9121-6331-49AB-B440-5FF9BE862BA0} = {F3CB9121-6331-49AB-B440-5FF9BE862BA0}
		{CEB2F17D-6561-4018-B46A-7EAF3F1E0E99} = {CEB2F17D-6561-4018-B46A-7EAF3F1E0E99}
		{B2125488-61FE-4329-A759-73EFCDF8E559} = {B2125488-61FE-4329-A759-73EFCDF8E559}
		{5AE76ECA-77F1-4D94-AB3B-CA570099A9A5} = {5AE76ECA-77F1-4D94-AB3B-CA570099A9A5}
		{E66FD4E3-E03C-4CE9-B358-FCB5397B59FC} = {E66FD4E3-E03C-4CE9-B358-FCB5397B59FC}
		{BEE7CEEE-7A0C-44A4-9D07-01B7D127D341} = {BEE7CEEE-7A0C-44A4-9D07-01B7D127D341}
	EndProjectSection
EndProject
Project("{8BC9CEB8-8B4A-11D0-8D11-00A0C91BC942}") = "api-fsm-dll", "api\api-fsm\api-fsm.vcxproj", "{9970D1D0-CCA2-46C5-BC1B-72EF0BF9E156}"
	ProjectSection(ProjectDependencies) = postProject
		{7D1CABD0-F175-42A3-97D9-95826010E8E0} = {7D1CABD0-F175-42A3-97D9-95826010E8E0}
	EndProjectSection
EndProject
Project("{2150E333-8FDC-42A3-9474-1A3956D46DE8}") = "api", "api", "{4ED96F5E-ACC1-4A44-A967-A8F194C3E4F0}"
EndProject
Project("{8BC9CEB8-8B4A-11D0-8D11-00A0C91BC942}") = "gui-settings-dll", "gui\settings\settings.vcxproj", "{7FDEC709-A15D-4ED0-AC05-460A0635F98D}"
EndProject
Project("{8BC9CEB8-8B4A-11D0-8D11-00A0C91BC942}") = "gui-fsm-dll", "gui\fsm\fsm.vcxproj", "{E66FD4E3-E03C-4CE9-B358-FCB5397B59FC}"
	ProjectSection(ProjectDependencies) = postProject
		{F3CB9121-6331-49AB-B440-5FF9BE862BA0} = {F3CB9121-6331-49AB-B440-5FF9BE862BA0}
		{5AE76ECA-77F1-4D94-AB3B-CA570099A9A5} = {5AE76ECA-77F1-4D94-AB3B-CA570099A9A5}
		{9970D1D0-CCA2-46C5-BC1B-72EF0BF9E156} = {9970D1D0-CCA2-46C5-BC1B-72EF0BF9E156}
	EndProjectSection
EndProject
Project("{8BC9CEB8-8B4A-11D0-8D11-00A0C91BC942}") = "kf-main", "kf-main\kf-main-application\kf-main.vcxproj", "{4C867650-59CB-46A8-92A9-C0AD6C931A88}"
	ProjectSection(ProjectDependencies) = postProject
		{B2125488-61FE-4329-A759-73EFCDF8E559} = {B2125488-61FE-4329-A759-73EFCDF8E559}
		{7D1CABD0-F175-42A3-97D9-95826010E8E0} = {7D1CABD0-F175-42A3-97D9-95826010E8E0}
		{9970D1D0-CCA2-46C5-BC1B-72EF0BF9E156} = {9970D1D0-CCA2-46C5-BC1B-72EF0BF9E156}
	EndProjectSection
EndProject
Project("{8BC9CEB8-8B4A-11D0-8D11-00A0C91BC942}") = "kf-main-dll-test", "kf-main\unit-tests\commit\kf-main-dll-test.vcxproj", "{5624D190-00E1-49D4-AB8D-20DAC0876B08}"
	ProjectSection(ProjectDependencies) = postProject
		{B2125488-61FE-4329-A759-73EFCDF8E559} = {B2125488-61FE-4329-A759-73EFCDF8E559}
	EndProjectSection
EndProject
Project("{8BC9CEB8-8B4A-11D0-8D11-00A0C91BC942}") = "gui-sensors", "gui\sensors\gui-sensors.vcxproj", "{2C0BC00B-E1C4-4647-9F46-19B311D7413F}"
	ProjectSection(ProjectDependencies) = postProject
		{1BC6CD07-88D3-44A6-993E-AAED3EAC4E94} = {1BC6CD07-88D3-44A6-993E-AAED3EAC4E94}
	EndProjectSection
EndProject
Project("{8BC9CEB8-8B4A-11D0-8D11-00A0C91BC942}") = "api-sensors", "api\api-sensors\api-sensors.vcxproj", "{1BC6CD07-88D3-44A6-993E-AAED3EAC4E94}"
	ProjectSection(ProjectDependencies) = postProject
		{F7413648-DBC9-4747-B4F2-1C91102093C0} = {F7413648-DBC9-4747-B4F2-1C91102093C0}
		{78FCF8E4-4F71-46AC-9888-0A58D97E40A4} = {78FCF8E4-4F71-46AC-9888-0A58D97E40A4}
	EndProjectSection
EndProject
Project("{8BC9CEB8-8B4A-11D0-8D11-00A0C91BC942}") = "helloworld", "helloworld\helloworld.vcxproj", "{9B10E6D4-764D-438C-B329-B35A67F7E3F4}"
	ProjectSection(ProjectDependencies) = postProject
		{E21CD50F-FFC5-4B83-A598-403A67774279} = {E21CD50F-FFC5-4B83-A598-403A67774279}
		{C2938D4A-D0AE-47B1-9881-2331D4E3F453} = {C2938D4A-D0AE-47B1-9881-2331D4E3F453}
		{7898555D-9DA7-4653-AA0F-C718BE86B923} = {7898555D-9DA7-4653-AA0F-C718BE86B923}
		{7C58D0A4-45E7-48DD-9BA7-22B6F310406E} = {7C58D0A4-45E7-48DD-9BA7-22B6F310406E}
		{A7EAE2C0-7E4C-4468-BB63-D72320D330A7} = {A7EAE2C0-7E4C-4468-BB63-D72320D330A7}
	EndProjectSection
EndProject
Project("{8BC9CEB8-8B4A-11D0-8D11-00A0C91BC942}") = "gui-sensors-example1", "gui\sensors\examples\gui-sensors-example1\gui-sensors-example1.vcxproj", "{757C6CA9-3961-4B7C-BFA4-C1D471118FE4}"
	ProjectSection(ProjectDependencies) = postProject
		{2C0BC00B-E1C4-4647-9F46-19B311D7413F} = {2C0BC00B-E1C4-4647-9F46-19B311D7413F}
	EndProjectSection
EndProject
Project("{8BC9CEB8-8B4A-11D0-8D11-00A0C91BC942}") = "kf-main-dll", "kf-main\kf-main-dll.vcxproj", "{B2125488-61FE-4329-A759-73EFCDF8E559}"
	ProjectSection(ProjectDependencies) = postProject
		{E21CD50F-FFC5-4B83-A598-403A67774279} = {E21CD50F-FFC5-4B83-A598-403A67774279}
		{7898555D-9DA7-4653-AA0F-C718BE86B923} = {7898555D-9DA7-4653-AA0F-C718BE86B923}
		{A7EAE2C0-7E4C-4468-BB63-D72320D330A7} = {A7EAE2C0-7E4C-4468-BB63-D72320D330A7}
		{7D1CABD0-F175-42A3-97D9-95826010E8E0} = {7D1CABD0-F175-42A3-97D9-95826010E8E0}
		{9970D1D0-CCA2-46C5-BC1B-72EF0BF9E156} = {9970D1D0-CCA2-46C5-BC1B-72EF0BF9E156}
	EndProjectSection
EndProject
Project("{8BC9CEB8-8B4A-11D0-8D11-00A0C91BC942}") = "gui-alarm-dll", "gui\alarm\alarm.vcxproj", "{59104300-215D-4D30-9700-AC9561F38407}"
	ProjectSection(ProjectDependencies) = postProject
		{5AE76ECA-77F1-4D94-AB3B-CA570099A9A5} = {5AE76ECA-77F1-4D94-AB3B-CA570099A9A5}
	EndProjectSection
EndProject
Project("{8BC9CEB8-8B4A-11D0-8D11-00A0C91BC942}") = "gui-alarm-example1", "gui\alarm\examples\gui-alarm-example1\gui-alarm-example1.vcxproj", "{E0F0AB7A-D47B-46C4-9C99-262205D017D7}"
	ProjectSection(ProjectDependencies) = postProject
		{59104300-215D-4D30-9700-AC9561F38407} = {59104300-215D-4D30-9700-AC9561F38407}
		{CEB2F17D-6561-4018-B46A-7EAF3F1E0E99} = {CEB2F17D-6561-4018-B46A-7EAF3F1E0E99}
	EndProjectSection
EndProject
Project("{8BC9CEB8-8B4A-11D0-8D11-00A0C91BC942}") = "protocol", "protocol\protocol.vcxproj", "{C2938D4A-D0AE-47B1-9881-2331D4E3F453}"
	ProjectSection(ProjectDependencies) = postProject
		{7C58D0A4-45E7-48DD-9BA7-22B6F310406E} = {7C58D0A4-45E7-48DD-9BA7-22B6F310406E}
	EndProjectSection
EndProject
Project("{8BC9CEB8-8B4A-11D0-8D11-00A0C91BC942}") = "configuration", "configuration\configuration.vcxproj", "{78FCF8E4-4F71-46AC-9888-0A58D97E40A4}"
	ProjectSection(ProjectDependencies) = postProject
		{E21CD50F-FFC5-4B83-A598-403A67774279} = {E21CD50F-FFC5-4B83-A598-403A67774279}
		{E05ADE41-1440-47E3-B03D-4871361992D2} = {E05ADE41-1440-47E3-B03D-4871361992D2}
		{F7413648-DBC9-4747-B4F2-1C91102093C0} = {F7413648-DBC9-4747-B4F2-1C91102093C0}
		{7898555D-9DA7-4653-AA0F-C718BE86B923} = {7898555D-9DA7-4653-AA0F-C718BE86B923}
		{A7EAE2C0-7E4C-4468-BB63-D72320D330A7} = {A7EAE2C0-7E4C-4468-BB63-D72320D330A7}
		{7D1CABD0-F175-42A3-97D9-95826010E8E0} = {7D1CABD0-F175-42A3-97D9-95826010E8E0}
	EndProjectSection
EndProject
Project("{8BC9CEB8-8B4A-11D0-8D11-00A0C91BC942}") = "configuration-unittest", "configuration\unit-tests\commit\configuration-unit-tests.vcxproj", "{67054F82-08FD-4938-9FAD-111869B00715}"
	ProjectSection(ProjectDependencies) = postProject
		{78FCF8E4-4F71-46AC-9888-0A58D97E40A4} = {78FCF8E4-4F71-46AC-9888-0A58D97E40A4}
	EndProjectSection
EndProject
Project("{8BC9CEB8-8B4A-11D0-8D11-00A0C91BC942}") = "gui-operations", "gui\operations\gui-operations.vcxproj", "{5236A04B-C4AE-4ECB-A72E-F9A3E1EE7F70}"
	ProjectSection(ProjectDependencies) = postProject
		{5AE76ECA-77F1-4D94-AB3B-CA570099A9A5} = {5AE76ECA-77F1-4D94-AB3B-CA570099A9A5}
	EndProjectSection
EndProject
Project("{8BC9CEB8-8B4A-11D0-8D11-00A0C91BC942}") = "gui-operations-example1", "gui\operations\examples\operations-example1\gui-operations-example1.vcxproj", "{DB9ED25B-D3F2-4ACB-81FB-5BE6A5B9BD96}"
	ProjectSection(ProjectDependencies) = postProject
		{5236A04B-C4AE-4ECB-A72E-F9A3E1EE7F70} = {5236A04B-C4AE-4ECB-A72E-F9A3E1EE7F70}
	EndProjectSection
EndProject
Project("{8BC9CEB8-8B4A-11D0-8D11-00A0C91BC942}") = "com", "com\com.vcxproj", "{7C58D0A4-45E7-48DD-9BA7-22B6F310406E}"
	ProjectSection(ProjectDependencies) = postProject
		{E21CD50F-FFC5-4B83-A598-403A67774279} = {E21CD50F-FFC5-4B83-A598-403A67774279}
		{7898555D-9DA7-4653-AA0F-C718BE86B923} = {7898555D-9DA7-4653-AA0F-C718BE86B923}
		{A7EAE2C0-7E4C-4468-BB63-D72320D330A7} = {A7EAE2C0-7E4C-4468-BB63-D72320D330A7}
	EndProjectSection
EndProject
Project("{8BC9CEB8-8B4A-11D0-8D11-00A0C91BC942}") = "intercom", "intercom\intercom.vcxproj", "{83BC9B65-B970-4A29-A922-A9305B1C301F}"
	ProjectSection(ProjectDependencies) = postProject
		{C2938D4A-D0AE-47B1-9881-2331D4E3F453} = {C2938D4A-D0AE-47B1-9881-2331D4E3F453}
		{7C58D0A4-45E7-48DD-9BA7-22B6F310406E} = {7C58D0A4-45E7-48DD-9BA7-22B6F310406E}
		{7D1CABD0-F175-42A3-97D9-95826010E8E0} = {7D1CABD0-F175-42A3-97D9-95826010E8E0}
		{78FCF8E4-4F71-46AC-9888-0A58D97E40A4} = {78FCF8E4-4F71-46AC-9888-0A58D97E40A4}
	EndProjectSection
EndProject
Project("{8BC9CEB8-8B4A-11D0-8D11-00A0C91BC942}") = "intercom-unittest", "intercom\unit-tests\commit\intercom-unittests.vcxproj", "{35CF51A8-9A69-481E-91F0-C1764FD0830F}"
	ProjectSection(ProjectDependencies) = postProject
		{83BC9B65-B970-4A29-A922-A9305B1C301F} = {83BC9B65-B970-4A29-A922-A9305B1C301F}
		{C8F6C172-56F2-4E76-B5FA-C3B423B31BE8} = {C8F6C172-56F2-4E76-B5FA-C3B423B31BE8}
		{7D1CABD0-F175-42A3-97D9-95826010E8E0} = {7D1CABD0-F175-42A3-97D9-95826010E8E0}
	EndProjectSection
EndProject
Project("{8BC9CEB8-8B4A-11D0-8D11-00A0C91BC942}") = "gui-c-ring", "gui\c-ring\gui-c-ring.vcxproj", "{12A0D2EB-4F9B-43A5-8B21-C9B52A7BA9D6}"
	ProjectSection(ProjectDependencies) = postProject
		{E21CD50F-FFC5-4B83-A598-403A67774279} = {E21CD50F-FFC5-4B83-A598-403A67774279}
		{E05ADE41-1440-47E3-B03D-4871361992D2} = {E05ADE41-1440-47E3-B03D-4871361992D2}
		{F7413648-DBC9-4747-B4F2-1C91102093C0} = {F7413648-DBC9-4747-B4F2-1C91102093C0}
		{C2938D4A-D0AE-47B1-9881-2331D4E3F453} = {C2938D4A-D0AE-47B1-9881-2331D4E3F453}
		{7898555D-9DA7-4653-AA0F-C718BE86B923} = {7898555D-9DA7-4653-AA0F-C718BE86B923}
		{83BC9B65-B970-4A29-A922-A9305B1C301F} = {83BC9B65-B970-4A29-A922-A9305B1C301F}
		{7C58D0A4-45E7-48DD-9BA7-22B6F310406E} = {7C58D0A4-45E7-48DD-9BA7-22B6F310406E}
		{A7EAE2C0-7E4C-4468-BB63-D72320D330A7} = {A7EAE2C0-7E4C-4468-BB63-D72320D330A7}
		{7D1CABD0-F175-42A3-97D9-95826010E8E0} = {7D1CABD0-F175-42A3-97D9-95826010E8E0}
		{78FCF8E4-4F71-46AC-9888-0A58D97E40A4} = {78FCF8E4-4F71-46AC-9888-0A58D97E40A4}
	EndProjectSection
EndProject
Project("{8BC9CEB8-8B4A-11D0-8D11-00A0C91BC942}") = "gui-c-ring-example1", "gui\c-ring\examples\c-ring-example1\gui-c-ring-example1.vcxproj", "{A4E8BB4E-F536-4EA0-9DD1-7A353E199FAF}"
	ProjectSection(ProjectDependencies) = postProject
		{F3CB9121-6331-49AB-B440-5FF9BE862BA0} = {F3CB9121-6331-49AB-B440-5FF9BE862BA0}
		{5AE76ECA-77F1-4D94-AB3B-CA570099A9A5} = {5AE76ECA-77F1-4D94-AB3B-CA570099A9A5}
		{12A0D2EB-4F9B-43A5-8B21-C9B52A7BA9D6} = {12A0D2EB-4F9B-43A5-8B21-C9B52A7BA9D6}
	EndProjectSection
EndProject
Project("{8BC9CEB8-8B4A-11D0-8D11-00A0C91BC942}") = "api-hmi", "api\api-hmi\api-hmi.vcxproj", "{2732BF27-5C06-4023-9CB0-CF2A37F17709}"
	ProjectSection(ProjectDependencies) = postProject
		{C2938D4A-D0AE-47B1-9881-2331D4E3F453} = {C2938D4A-D0AE-47B1-9881-2331D4E3F453}
		{83BC9B65-B970-4A29-A922-A9305B1C301F} = {83BC9B65-B970-4A29-A922-A9305B1C301F}
		{78FCF8E4-4F71-46AC-9888-0A58D97E40A4} = {78FCF8E4-4F71-46AC-9888-0A58D97E40A4}
	EndProjectSection
EndProject
Project("{8BC9CEB8-8B4A-11D0-8D11-00A0C91BC942}") = "api-hmi-unittest", "api\api-hmi\unit-tests\commit\api-hmi-unittest.vcxproj", "{7F01C253-2780-4B72-AC0A-16D0F64F3B11}"
	ProjectSection(ProjectDependencies) = postProject
		{2732BF27-5C06-4023-9CB0-CF2A37F17709} = {2732BF27-5C06-4023-9CB0-CF2A37F17709}
	EndProjectSection
EndProject
Project("{8BC9CEB8-8B4A-11D0-8D11-00A0C91BC942}") = "api-hmi-c-ring-example1", "api\api-hmi\examples\api-hmi-c-ring-example1\api-hmi-c-ring-example1.vcxproj", "{39484AB6-9D5C-4345-AA0C-041CC52D4C02}"
	ProjectSection(ProjectDependencies) = postProject
		{E21CD50F-FFC5-4B83-A598-403A67774279} = {E21CD50F-FFC5-4B83-A598-403A67774279}
		{2732BF27-5C06-4023-9CB0-CF2A37F17709} = {2732BF27-5C06-4023-9CB0-CF2A37F17709}
		{C2938D4A-D0AE-47B1-9881-2331D4E3F453} = {C2938D4A-D0AE-47B1-9881-2331D4E3F453}
		{7898555D-9DA7-4653-AA0F-C718BE86B923} = {7898555D-9DA7-4653-AA0F-C718BE86B923}
		{83BC9B65-B970-4A29-A922-A9305B1C301F} = {83BC9B65-B970-4A29-A922-A9305B1C301F}
		{A7EAE2C0-7E4C-4468-BB63-D72320D330A7} = {A7EAE2C0-7E4C-4468-BB63-D72320D330A7}
		{78FCF8E4-4F71-46AC-9888-0A58D97E40A4} = {78FCF8E4-4F71-46AC-9888-0A58D97E40A4}
	EndProjectSection
EndProject
Project("{8BC9CEB8-8B4A-11D0-8D11-00A0C91BC942}") = "protocol-unittest", "protocol\unit-tests\commit\protocol-unittests.vcxproj", "{F43BEF41-EEFF-42F5-BFB4-1AF4F0429B74}"
	ProjectSection(ProjectDependencies) = postProject
		{C2938D4A-D0AE-47B1-9881-2331D4E3F453} = {C2938D4A-D0AE-47B1-9881-2331D4E3F453}
	EndProjectSection
EndProject
Project("{8BC9CEB8-8B4A-11D0-8D11-00A0C91BC942}") = "xml-validator", "support-modules\xml\xml-validator\xml-validator.vcxproj", "{7D706E6C-61E2-498D-A5A2-0792F1C8CAB5}"
	ProjectSection(ProjectDependencies) = postProject
		{E21CD50F-FFC5-4B83-A598-403A67774279} = {E21CD50F-FFC5-4B83-A598-403A67774279}
		{E05ADE41-1440-47E3-B03D-4871361992D2} = {E05ADE41-1440-47E3-B03D-4871361992D2}
		{7898555D-9DA7-4653-AA0F-C718BE86B923} = {7898555D-9DA7-4653-AA0F-C718BE86B923}
		{A7EAE2C0-7E4C-4468-BB63-D72320D330A7} = {A7EAE2C0-7E4C-4468-BB63-D72320D330A7}
	EndProjectSection
EndProject
Global
	GlobalSection(SolutionConfigurationPlatforms) = preSolution
		Debug|x64 = Debug|x64
		Debug|x86 = Debug|x86
		Release|x64 = Release|x64
		Release|x86 = Release|x86
	EndGlobalSection
	GlobalSection(ProjectConfigurationPlatforms) = postSolution
		{7D1CABD0-F175-42A3-97D9-95826010E8E0}.Debug|x64.ActiveCfg = Debug|x64
		{7D1CABD0-F175-42A3-97D9-95826010E8E0}.Debug|x64.Build.0 = Debug|x64
		{7D1CABD0-F175-42A3-97D9-95826010E8E0}.Debug|x86.ActiveCfg = Debug|Win32
		{7D1CABD0-F175-42A3-97D9-95826010E8E0}.Debug|x86.Build.0 = Debug|Win32
		{7D1CABD0-F175-42A3-97D9-95826010E8E0}.Release|x64.ActiveCfg = Release|x64
		{7D1CABD0-F175-42A3-97D9-95826010E8E0}.Release|x64.Build.0 = Release|x64
		{7D1CABD0-F175-42A3-97D9-95826010E8E0}.Release|x86.ActiveCfg = Release|Win32
		{7D1CABD0-F175-42A3-97D9-95826010E8E0}.Release|x86.Build.0 = Release|Win32
		{E21CD50F-FFC5-4B83-A598-403A67774279}.Debug|x64.ActiveCfg = Debug|x64
		{E21CD50F-FFC5-4B83-A598-403A67774279}.Debug|x64.Build.0 = Debug|x64
		{E21CD50F-FFC5-4B83-A598-403A67774279}.Debug|x86.ActiveCfg = Debug|Win32
		{E21CD50F-FFC5-4B83-A598-403A67774279}.Debug|x86.Build.0 = Debug|Win32
		{E21CD50F-FFC5-4B83-A598-403A67774279}.Release|x64.ActiveCfg = Release|x64
		{E21CD50F-FFC5-4B83-A598-403A67774279}.Release|x64.Build.0 = Release|x64
		{E21CD50F-FFC5-4B83-A598-403A67774279}.Release|x86.ActiveCfg = Release|Win32
		{E21CD50F-FFC5-4B83-A598-403A67774279}.Release|x86.Build.0 = Release|Win32
		{7898555D-9DA7-4653-AA0F-C718BE86B923}.Debug|x64.ActiveCfg = Debug|x64
		{7898555D-9DA7-4653-AA0F-C718BE86B923}.Debug|x64.Build.0 = Debug|x64
		{7898555D-9DA7-4653-AA0F-C718BE86B923}.Debug|x86.ActiveCfg = Debug|Win32
		{7898555D-9DA7-4653-AA0F-C718BE86B923}.Debug|x86.Build.0 = Debug|Win32
		{7898555D-9DA7-4653-AA0F-C718BE86B923}.Release|x64.ActiveCfg = Release|x64
		{7898555D-9DA7-4653-AA0F-C718BE86B923}.Release|x64.Build.0 = Release|x64
		{7898555D-9DA7-4653-AA0F-C718BE86B923}.Release|x86.ActiveCfg = Release|Win32
		{7898555D-9DA7-4653-AA0F-C718BE86B923}.Release|x86.Build.0 = Release|Win32
		{A7EAE2C0-7E4C-4468-BB63-D72320D330A7}.Debug|x64.ActiveCfg = Debug|x64
		{A7EAE2C0-7E4C-4468-BB63-D72320D330A7}.Debug|x64.Build.0 = Debug|x64
		{A7EAE2C0-7E4C-4468-BB63-D72320D330A7}.Debug|x86.ActiveCfg = Debug|Win32
		{A7EAE2C0-7E4C-4468-BB63-D72320D330A7}.Debug|x86.Build.0 = Debug|Win32
		{A7EAE2C0-7E4C-4468-BB63-D72320D330A7}.Release|x64.ActiveCfg = Release|x64
		{A7EAE2C0-7E4C-4468-BB63-D72320D330A7}.Release|x64.Build.0 = Release|x64
		{A7EAE2C0-7E4C-4468-BB63-D72320D330A7}.Release|x86.ActiveCfg = Release|Win32
		{A7EAE2C0-7E4C-4468-BB63-D72320D330A7}.Release|x86.Build.0 = Release|Win32
		{E05ADE41-1440-47E3-B03D-4871361992D2}.Debug|x64.ActiveCfg = Debug|x64
		{E05ADE41-1440-47E3-B03D-4871361992D2}.Debug|x64.Build.0 = Debug|x64
		{E05ADE41-1440-47E3-B03D-4871361992D2}.Debug|x86.ActiveCfg = Debug|Win32
		{E05ADE41-1440-47E3-B03D-4871361992D2}.Debug|x86.Build.0 = Debug|Win32
		{E05ADE41-1440-47E3-B03D-4871361992D2}.Release|x64.ActiveCfg = Release|x64
		{E05ADE41-1440-47E3-B03D-4871361992D2}.Release|x64.Build.0 = Release|x64
		{E05ADE41-1440-47E3-B03D-4871361992D2}.Release|x86.ActiveCfg = Release|Win32
		{E05ADE41-1440-47E3-B03D-4871361992D2}.Release|x86.Build.0 = Release|Win32
		{F0FB8670-50EF-4A41-A957-1B7E479E0AEA}.Debug|x64.ActiveCfg = Debug|x64
		{F0FB8670-50EF-4A41-A957-1B7E479E0AEA}.Debug|x64.Build.0 = Debug|x64
		{F0FB8670-50EF-4A41-A957-1B7E479E0AEA}.Debug|x86.ActiveCfg = Debug|Win32
		{F0FB8670-50EF-4A41-A957-1B7E479E0AEA}.Debug|x86.Build.0 = Debug|Win32
		{F0FB8670-50EF-4A41-A957-1B7E479E0AEA}.Release|x64.ActiveCfg = Release|x64
		{F0FB8670-50EF-4A41-A957-1B7E479E0AEA}.Release|x64.Build.0 = Release|x64
		{F0FB8670-50EF-4A41-A957-1B7E479E0AEA}.Release|x86.ActiveCfg = Release|Win32
		{F0FB8670-50EF-4A41-A957-1B7E479E0AEA}.Release|x86.Build.0 = Release|Win32
		{E6451760-16CC-475F-B2BB-E834488448DE}.Debug|x64.ActiveCfg = Debug|x64
		{E6451760-16CC-475F-B2BB-E834488448DE}.Debug|x64.Build.0 = Debug|x64
		{E6451760-16CC-475F-B2BB-E834488448DE}.Debug|x86.ActiveCfg = Debug|Win32
		{E6451760-16CC-475F-B2BB-E834488448DE}.Debug|x86.Build.0 = Debug|Win32
		{E6451760-16CC-475F-B2BB-E834488448DE}.Release|x64.ActiveCfg = Release|x64
		{E6451760-16CC-475F-B2BB-E834488448DE}.Release|x64.Build.0 = Release|x64
		{E6451760-16CC-475F-B2BB-E834488448DE}.Release|x86.ActiveCfg = Release|Win32
		{E6451760-16CC-475F-B2BB-E834488448DE}.Release|x86.Build.0 = Release|Win32
		{3B495E73-0089-4763-8AD7-A35C4A396511}.Debug|x64.ActiveCfg = Debug|x64
		{3B495E73-0089-4763-8AD7-A35C4A396511}.Debug|x64.Build.0 = Debug|x64
		{3B495E73-0089-4763-8AD7-A35C4A396511}.Debug|x86.ActiveCfg = Debug|Win32
		{3B495E73-0089-4763-8AD7-A35C4A396511}.Debug|x86.Build.0 = Debug|Win32
		{3B495E73-0089-4763-8AD7-A35C4A396511}.Release|x64.ActiveCfg = Release|x64
		{3B495E73-0089-4763-8AD7-A35C4A396511}.Release|x64.Build.0 = Release|x64
		{3B495E73-0089-4763-8AD7-A35C4A396511}.Release|x86.ActiveCfg = Release|Win32
		{3B495E73-0089-4763-8AD7-A35C4A396511}.Release|x86.Build.0 = Release|Win32
		{28CF8FF7-D102-4002-A09D-91ADFD5257DC}.Debug|x64.ActiveCfg = Debug|x64
		{28CF8FF7-D102-4002-A09D-91ADFD5257DC}.Debug|x64.Build.0 = Debug|x64
		{28CF8FF7-D102-4002-A09D-91ADFD5257DC}.Debug|x86.ActiveCfg = Debug|Win32
		{28CF8FF7-D102-4002-A09D-91ADFD5257DC}.Debug|x86.Build.0 = Debug|Win32
		{28CF8FF7-D102-4002-A09D-91ADFD5257DC}.Release|x64.ActiveCfg = Release|x64
		{28CF8FF7-D102-4002-A09D-91ADFD5257DC}.Release|x64.Build.0 = Release|x64
		{28CF8FF7-D102-4002-A09D-91ADFD5257DC}.Release|x86.ActiveCfg = Release|Win32
		{28CF8FF7-D102-4002-A09D-91ADFD5257DC}.Release|x86.Build.0 = Release|Win32
		{A514EF4E-BD36-46D2-8939-5E7F85EF5374}.Debug|x64.ActiveCfg = Debug|x64
		{A514EF4E-BD36-46D2-8939-5E7F85EF5374}.Debug|x64.Build.0 = Debug|x64
		{A514EF4E-BD36-46D2-8939-5E7F85EF5374}.Debug|x86.ActiveCfg = Debug|Win32
		{A514EF4E-BD36-46D2-8939-5E7F85EF5374}.Debug|x86.Build.0 = Debug|Win32
		{A514EF4E-BD36-46D2-8939-5E7F85EF5374}.Release|x64.ActiveCfg = Release|x64
		{A514EF4E-BD36-46D2-8939-5E7F85EF5374}.Release|x64.Build.0 = Release|x64
		{A514EF4E-BD36-46D2-8939-5E7F85EF5374}.Release|x86.ActiveCfg = Release|Win32
		{A514EF4E-BD36-46D2-8939-5E7F85EF5374}.Release|x86.Build.0 = Release|Win32
		{FBB52D8A-C1E1-4903-BAF5-28A6456B4891}.Debug|x64.ActiveCfg = Debug|x64
		{FBB52D8A-C1E1-4903-BAF5-28A6456B4891}.Debug|x64.Build.0 = Debug|x64
		{FBB52D8A-C1E1-4903-BAF5-28A6456B4891}.Debug|x86.ActiveCfg = Debug|Win32
		{FBB52D8A-C1E1-4903-BAF5-28A6456B4891}.Debug|x86.Build.0 = Debug|Win32
		{FBB52D8A-C1E1-4903-BAF5-28A6456B4891}.Release|x64.ActiveCfg = Release|x64
		{FBB52D8A-C1E1-4903-BAF5-28A6456B4891}.Release|x64.Build.0 = Release|x64
		{FBB52D8A-C1E1-4903-BAF5-28A6456B4891}.Release|x86.ActiveCfg = Release|Win32
		{FBB52D8A-C1E1-4903-BAF5-28A6456B4891}.Release|x86.Build.0 = Release|Win32
		{0729C115-83B1-40B3-9B15-3F44F712A4A6}.Debug|x64.ActiveCfg = Debug|x64
		{0729C115-83B1-40B3-9B15-3F44F712A4A6}.Debug|x64.Build.0 = Debug|x64
		{0729C115-83B1-40B3-9B15-3F44F712A4A6}.Debug|x86.ActiveCfg = Debug|Win32
		{0729C115-83B1-40B3-9B15-3F44F712A4A6}.Debug|x86.Build.0 = Debug|Win32
		{0729C115-83B1-40B3-9B15-3F44F712A4A6}.Release|x64.ActiveCfg = Release|x64
		{0729C115-83B1-40B3-9B15-3F44F712A4A6}.Release|x64.Build.0 = Release|x64
		{0729C115-83B1-40B3-9B15-3F44F712A4A6}.Release|x86.ActiveCfg = Release|Win32
		{0729C115-83B1-40B3-9B15-3F44F712A4A6}.Release|x86.Build.0 = Release|Win32
		{933D31C5-6A28-4410-BBCE-50A5E71EEA40}.Debug|x64.ActiveCfg = Debug|x64
		{933D31C5-6A28-4410-BBCE-50A5E71EEA40}.Debug|x64.Build.0 = Debug|x64
		{933D31C5-6A28-4410-BBCE-50A5E71EEA40}.Debug|x86.ActiveCfg = Debug|Win32
		{933D31C5-6A28-4410-BBCE-50A5E71EEA40}.Debug|x86.Build.0 = Debug|Win32
		{933D31C5-6A28-4410-BBCE-50A5E71EEA40}.Release|x64.ActiveCfg = Release|x64
		{933D31C5-6A28-4410-BBCE-50A5E71EEA40}.Release|x64.Build.0 = Release|x64
		{933D31C5-6A28-4410-BBCE-50A5E71EEA40}.Release|x86.ActiveCfg = Release|Win32
		{933D31C5-6A28-4410-BBCE-50A5E71EEA40}.Release|x86.Build.0 = Release|Win32
		{B78397AA-1715-4262-93B1-662F59BC4CDF}.Debug|x64.ActiveCfg = Debug|x64
		{B78397AA-1715-4262-93B1-662F59BC4CDF}.Debug|x64.Build.0 = Debug|x64
		{B78397AA-1715-4262-93B1-662F59BC4CDF}.Debug|x86.ActiveCfg = Debug|Win32
		{B78397AA-1715-4262-93B1-662F59BC4CDF}.Debug|x86.Build.0 = Debug|Win32
		{B78397AA-1715-4262-93B1-662F59BC4CDF}.Release|x64.ActiveCfg = Release|x64
		{B78397AA-1715-4262-93B1-662F59BC4CDF}.Release|x64.Build.0 = Release|x64
		{B78397AA-1715-4262-93B1-662F59BC4CDF}.Release|x86.ActiveCfg = Release|Win32
		{B78397AA-1715-4262-93B1-662F59BC4CDF}.Release|x86.Build.0 = Release|Win32
		{E37B56D2-10FD-4038-A8B5-55BE80C486D2}.Debug|x64.ActiveCfg = Debug|x64
		{E37B56D2-10FD-4038-A8B5-55BE80C486D2}.Debug|x64.Build.0 = Debug|x64
		{E37B56D2-10FD-4038-A8B5-55BE80C486D2}.Debug|x86.ActiveCfg = Debug|Win32
		{E37B56D2-10FD-4038-A8B5-55BE80C486D2}.Debug|x86.Build.0 = Debug|Win32
		{E37B56D2-10FD-4038-A8B5-55BE80C486D2}.Release|x64.ActiveCfg = Release|x64
		{E37B56D2-10FD-4038-A8B5-55BE80C486D2}.Release|x64.Build.0 = Release|x64
		{E37B56D2-10FD-4038-A8B5-55BE80C486D2}.Release|x86.ActiveCfg = Release|Win32
		{E37B56D2-10FD-4038-A8B5-55BE80C486D2}.Release|x86.Build.0 = Release|Win32
		{30B0A5F3-6D3C-4639-B474-C2AEB02A0E02}.Debug|x64.ActiveCfg = Debug|x64
		{30B0A5F3-6D3C-4639-B474-C2AEB02A0E02}.Debug|x64.Build.0 = Debug|x64
		{30B0A5F3-6D3C-4639-B474-C2AEB02A0E02}.Debug|x86.ActiveCfg = Debug|Win32
		{30B0A5F3-6D3C-4639-B474-C2AEB02A0E02}.Debug|x86.Build.0 = Debug|Win32
		{30B0A5F3-6D3C-4639-B474-C2AEB02A0E02}.Release|x64.ActiveCfg = Release|x64
		{30B0A5F3-6D3C-4639-B474-C2AEB02A0E02}.Release|x64.Build.0 = Release|x64
		{30B0A5F3-6D3C-4639-B474-C2AEB02A0E02}.Release|x86.ActiveCfg = Release|Win32
		{30B0A5F3-6D3C-4639-B474-C2AEB02A0E02}.Release|x86.Build.0 = Release|Win32
		{EC9C8AD4-5DF6-48C0-8503-3F301DA5B172}.Debug|x64.ActiveCfg = Debug|x64
		{EC9C8AD4-5DF6-48C0-8503-3F301DA5B172}.Debug|x64.Build.0 = Debug|x64
		{EC9C8AD4-5DF6-48C0-8503-3F301DA5B172}.Debug|x86.ActiveCfg = Debug|Win32
		{EC9C8AD4-5DF6-48C0-8503-3F301DA5B172}.Debug|x86.Build.0 = Debug|Win32
		{EC9C8AD4-5DF6-48C0-8503-3F301DA5B172}.Release|x64.ActiveCfg = Release|x64
		{EC9C8AD4-5DF6-48C0-8503-3F301DA5B172}.Release|x64.Build.0 = Release|x64
		{EC9C8AD4-5DF6-48C0-8503-3F301DA5B172}.Release|x86.ActiveCfg = Release|Win32
		{EC9C8AD4-5DF6-48C0-8503-3F301DA5B172}.Release|x86.Build.0 = Release|Win32
		{FEC5D9F8-3F83-47F6-93BF-4B1DB9A0E30B}.Debug|x64.ActiveCfg = Debug|x64
		{FEC5D9F8-3F83-47F6-93BF-4B1DB9A0E30B}.Debug|x64.Build.0 = Debug|x64
		{FEC5D9F8-3F83-47F6-93BF-4B1DB9A0E30B}.Debug|x86.ActiveCfg = Debug|Win32
		{FEC5D9F8-3F83-47F6-93BF-4B1DB9A0E30B}.Debug|x86.Build.0 = Debug|Win32
		{FEC5D9F8-3F83-47F6-93BF-4B1DB9A0E30B}.Release|x64.ActiveCfg = Release|x64
		{FEC5D9F8-3F83-47F6-93BF-4B1DB9A0E30B}.Release|x64.Build.0 = Release|x64
		{FEC5D9F8-3F83-47F6-93BF-4B1DB9A0E30B}.Release|x86.ActiveCfg = Release|Win32
		{FEC5D9F8-3F83-47F6-93BF-4B1DB9A0E30B}.Release|x86.Build.0 = Release|Win32
		{C8F6C172-56F2-4E76-B5FA-C3B423B31BE8}.Debug|x64.ActiveCfg = Debug|x64
		{C8F6C172-56F2-4E76-B5FA-C3B423B31BE8}.Debug|x64.Build.0 = Debug|x64
		{C8F6C172-56F2-4E76-B5FA-C3B423B31BE8}.Debug|x86.ActiveCfg = Debug|Win32
		{C8F6C172-56F2-4E76-B5FA-C3B423B31BE8}.Debug|x86.Build.0 = Debug|Win32
		{C8F6C172-56F2-4E76-B5FA-C3B423B31BE8}.Release|x64.ActiveCfg = Release|x64
		{C8F6C172-56F2-4E76-B5FA-C3B423B31BE8}.Release|x64.Build.0 = Release|x64
		{C8F6C172-56F2-4E76-B5FA-C3B423B31BE8}.Release|x86.ActiveCfg = Release|Win32
		{C8F6C172-56F2-4E76-B5FA-C3B423B31BE8}.Release|x86.Build.0 = Release|Win32
		{BD43AA5C-0A47-4D6D-A651-AD60CC1C0D70}.Debug|x64.ActiveCfg = Debug|x64
		{BD43AA5C-0A47-4D6D-A651-AD60CC1C0D70}.Debug|x64.Build.0 = Debug|x64
		{BD43AA5C-0A47-4D6D-A651-AD60CC1C0D70}.Debug|x86.ActiveCfg = Debug|Win32
		{BD43AA5C-0A47-4D6D-A651-AD60CC1C0D70}.Debug|x86.Build.0 = Debug|Win32
		{BD43AA5C-0A47-4D6D-A651-AD60CC1C0D70}.Release|x64.ActiveCfg = Release|x64
		{BD43AA5C-0A47-4D6D-A651-AD60CC1C0D70}.Release|x64.Build.0 = Release|x64
		{BD43AA5C-0A47-4D6D-A651-AD60CC1C0D70}.Release|x86.ActiveCfg = Release|Win32
		{BD43AA5C-0A47-4D6D-A651-AD60CC1C0D70}.Release|x86.Build.0 = Release|Win32
		{F7413648-DBC9-4747-B4F2-1C91102093C0}.Debug|x64.ActiveCfg = Debug|x64
		{F7413648-DBC9-4747-B4F2-1C91102093C0}.Debug|x64.Build.0 = Debug|x64
		{F7413648-DBC9-4747-B4F2-1C91102093C0}.Debug|x86.ActiveCfg = Debug|Win32
		{F7413648-DBC9-4747-B4F2-1C91102093C0}.Debug|x86.Build.0 = Debug|Win32
		{F7413648-DBC9-4747-B4F2-1C91102093C0}.Release|x64.ActiveCfg = Release|x64
		{F7413648-DBC9-4747-B4F2-1C91102093C0}.Release|x64.Build.0 = Release|x64
		{F7413648-DBC9-4747-B4F2-1C91102093C0}.Release|x86.ActiveCfg = Release|Win32
		{F7413648-DBC9-4747-B4F2-1C91102093C0}.Release|x86.Build.0 = Release|Win32
		{BEE7CEEE-7A0C-44A4-9D07-01B7D127D341}.Debug|x64.ActiveCfg = Debug|x64
		{BEE7CEEE-7A0C-44A4-9D07-01B7D127D341}.Debug|x64.Build.0 = Debug|x64
		{BEE7CEEE-7A0C-44A4-9D07-01B7D127D341}.Debug|x86.ActiveCfg = Debug|Win32
		{BEE7CEEE-7A0C-44A4-9D07-01B7D127D341}.Debug|x86.Build.0 = Debug|Win32
		{BEE7CEEE-7A0C-44A4-9D07-01B7D127D341}.Release|x64.ActiveCfg = Release|x64
		{BEE7CEEE-7A0C-44A4-9D07-01B7D127D341}.Release|x64.Build.0 = Release|x64
		{BEE7CEEE-7A0C-44A4-9D07-01B7D127D341}.Release|x86.ActiveCfg = Release|Win32
		{BEE7CEEE-7A0C-44A4-9D07-01B7D127D341}.Release|x86.Build.0 = Release|Win32
		{3456BBF3-34D6-400D-B48B-5F5E081F69ED}.Debug|x64.ActiveCfg = Debug|x64
		{3456BBF3-34D6-400D-B48B-5F5E081F69ED}.Debug|x64.Build.0 = Debug|x64
		{3456BBF3-34D6-400D-B48B-5F5E081F69ED}.Debug|x86.ActiveCfg = Debug|Win32
		{3456BBF3-34D6-400D-B48B-5F5E081F69ED}.Debug|x86.Build.0 = Debug|Win32
		{3456BBF3-34D6-400D-B48B-5F5E081F69ED}.Release|x64.ActiveCfg = Release|x64
		{3456BBF3-34D6-400D-B48B-5F5E081F69ED}.Release|x64.Build.0 = Release|x64
		{3456BBF3-34D6-400D-B48B-5F5E081F69ED}.Release|x86.ActiveCfg = Release|Win32
		{3456BBF3-34D6-400D-B48B-5F5E081F69ED}.Release|x86.Build.0 = Release|Win32
		{27DDD63B-CD66-4039-A109-25DD661775F3}.Debug|x64.ActiveCfg = Debug|x64
		{27DDD63B-CD66-4039-A109-25DD661775F3}.Debug|x64.Build.0 = Debug|x64
		{27DDD63B-CD66-4039-A109-25DD661775F3}.Debug|x86.ActiveCfg = Debug|Win32
		{27DDD63B-CD66-4039-A109-25DD661775F3}.Debug|x86.Build.0 = Debug|Win32
		{27DDD63B-CD66-4039-A109-25DD661775F3}.Release|x64.ActiveCfg = Release|x64
		{27DDD63B-CD66-4039-A109-25DD661775F3}.Release|x64.Build.0 = Release|x64
		{27DDD63B-CD66-4039-A109-25DD661775F3}.Release|x86.ActiveCfg = Release|Win32
		{27DDD63B-CD66-4039-A109-25DD661775F3}.Release|x86.Build.0 = Release|Win32
		{5AE76ECA-77F1-4D94-AB3B-CA570099A9A5}.Debug|x64.ActiveCfg = Debug|x64
		{5AE76ECA-77F1-4D94-AB3B-CA570099A9A5}.Debug|x64.Build.0 = Debug|x64
		{5AE76ECA-77F1-4D94-AB3B-CA570099A9A5}.Debug|x86.ActiveCfg = Debug|Win32
		{5AE76ECA-77F1-4D94-AB3B-CA570099A9A5}.Debug|x86.Build.0 = Debug|Win32
		{5AE76ECA-77F1-4D94-AB3B-CA570099A9A5}.Release|x64.ActiveCfg = Release|x64
		{5AE76ECA-77F1-4D94-AB3B-CA570099A9A5}.Release|x64.Build.0 = Release|x64
		{5AE76ECA-77F1-4D94-AB3B-CA570099A9A5}.Release|x86.ActiveCfg = Release|Win32
		{5AE76ECA-77F1-4D94-AB3B-CA570099A9A5}.Release|x86.Build.0 = Release|Win32
		{F3CB9121-6331-49AB-B440-5FF9BE862BA0}.Debug|x64.ActiveCfg = Debug|x64
		{F3CB9121-6331-49AB-B440-5FF9BE862BA0}.Debug|x64.Build.0 = Debug|x64
		{F3CB9121-6331-49AB-B440-5FF9BE862BA0}.Debug|x86.ActiveCfg = Debug|Win32
		{F3CB9121-6331-49AB-B440-5FF9BE862BA0}.Debug|x86.Build.0 = Debug|Win32
		{F3CB9121-6331-49AB-B440-5FF9BE862BA0}.Release|x64.ActiveCfg = Release|x64
		{F3CB9121-6331-49AB-B440-5FF9BE862BA0}.Release|x64.Build.0 = Release|x64
		{F3CB9121-6331-49AB-B440-5FF9BE862BA0}.Release|x86.ActiveCfg = Release|Win32
		{F3CB9121-6331-49AB-B440-5FF9BE862BA0}.Release|x86.Build.0 = Release|Win32
		{CEB2F17D-6561-4018-B46A-7EAF3F1E0E99}.Debug|x64.ActiveCfg = Debug|x64
		{CEB2F17D-6561-4018-B46A-7EAF3F1E0E99}.Debug|x64.Build.0 = Debug|x64
		{CEB2F17D-6561-4018-B46A-7EAF3F1E0E99}.Debug|x86.ActiveCfg = Debug|Win32
		{CEB2F17D-6561-4018-B46A-7EAF3F1E0E99}.Debug|x86.Build.0 = Debug|Win32
		{CEB2F17D-6561-4018-B46A-7EAF3F1E0E99}.Release|x64.ActiveCfg = Release|x64
		{CEB2F17D-6561-4018-B46A-7EAF3F1E0E99}.Release|x64.Build.0 = Release|x64
		{CEB2F17D-6561-4018-B46A-7EAF3F1E0E99}.Release|x86.ActiveCfg = Release|Win32
		{CEB2F17D-6561-4018-B46A-7EAF3F1E0E99}.Release|x86.Build.0 = Release|Win32
		{43E42C1D-CD7F-4B18-8980-DDE662435167}.Debug|x64.ActiveCfg = Debug|x64
		{43E42C1D-CD7F-4B18-8980-DDE662435167}.Debug|x64.Build.0 = Debug|x64
		{43E42C1D-CD7F-4B18-8980-DDE662435167}.Debug|x86.ActiveCfg = Debug|Win32
		{43E42C1D-CD7F-4B18-8980-DDE662435167}.Debug|x86.Build.0 = Debug|Win32
		{43E42C1D-CD7F-4B18-8980-DDE662435167}.Release|x64.ActiveCfg = Release|x64
		{43E42C1D-CD7F-4B18-8980-DDE662435167}.Release|x64.Build.0 = Release|x64
		{43E42C1D-CD7F-4B18-8980-DDE662435167}.Release|x86.ActiveCfg = Release|Win32
		{43E42C1D-CD7F-4B18-8980-DDE662435167}.Release|x86.Build.0 = Release|Win32
		{4D2F8C0F-31A5-4658-9474-0C18439A232F}.Debug|x64.ActiveCfg = Debug|x64
		{4D2F8C0F-31A5-4658-9474-0C18439A232F}.Debug|x64.Build.0 = Debug|x64
		{4D2F8C0F-31A5-4658-9474-0C18439A232F}.Debug|x86.ActiveCfg = Debug|Win32
		{4D2F8C0F-31A5-4658-9474-0C18439A232F}.Debug|x86.Build.0 = Debug|Win32
		{4D2F8C0F-31A5-4658-9474-0C18439A232F}.Release|x64.ActiveCfg = Release|x64
		{4D2F8C0F-31A5-4658-9474-0C18439A232F}.Release|x64.Build.0 = Release|x64
		{4D2F8C0F-31A5-4658-9474-0C18439A232F}.Release|x86.ActiveCfg = Release|Win32
		{4D2F8C0F-31A5-4658-9474-0C18439A232F}.Release|x86.Build.0 = Release|Win32
		{77EAB52B-7580-4874-9EB4-1C815ABB0DC6}.Debug|x64.ActiveCfg = Debug|x64
		{77EAB52B-7580-4874-9EB4-1C815ABB0DC6}.Debug|x64.Build.0 = Debug|x64
		{77EAB52B-7580-4874-9EB4-1C815ABB0DC6}.Debug|x86.ActiveCfg = Debug|Win32
		{77EAB52B-7580-4874-9EB4-1C815ABB0DC6}.Debug|x86.Build.0 = Debug|Win32
		{77EAB52B-7580-4874-9EB4-1C815ABB0DC6}.Release|x64.ActiveCfg = Release|x64
		{77EAB52B-7580-4874-9EB4-1C815ABB0DC6}.Release|x64.Build.0 = Release|x64
		{77EAB52B-7580-4874-9EB4-1C815ABB0DC6}.Release|x86.ActiveCfg = Release|Win32
		{77EAB52B-7580-4874-9EB4-1C815ABB0DC6}.Release|x86.Build.0 = Release|Win32
		{9970D1D0-CCA2-46C5-BC1B-72EF0BF9E156}.Debug|x64.ActiveCfg = Debug|x64
		{9970D1D0-CCA2-46C5-BC1B-72EF0BF9E156}.Debug|x64.Build.0 = Debug|x64
		{9970D1D0-CCA2-46C5-BC1B-72EF0BF9E156}.Debug|x86.ActiveCfg = Debug|Win32
		{9970D1D0-CCA2-46C5-BC1B-72EF0BF9E156}.Debug|x86.Build.0 = Debug|Win32
		{9970D1D0-CCA2-46C5-BC1B-72EF0BF9E156}.Release|x64.ActiveCfg = Release|x64
		{9970D1D0-CCA2-46C5-BC1B-72EF0BF9E156}.Release|x64.Build.0 = Release|x64
		{9970D1D0-CCA2-46C5-BC1B-72EF0BF9E156}.Release|x86.ActiveCfg = Release|Win32
		{9970D1D0-CCA2-46C5-BC1B-72EF0BF9E156}.Release|x86.Build.0 = Release|Win32
		{7FDEC709-A15D-4ED0-AC05-460A0635F98D}.Debug|x64.ActiveCfg = Debug|x64
		{7FDEC709-A15D-4ED0-AC05-460A0635F98D}.Debug|x64.Build.0 = Debug|x64
		{7FDEC709-A15D-4ED0-AC05-460A0635F98D}.Debug|x86.ActiveCfg = Debug|Win32
		{7FDEC709-A15D-4ED0-AC05-460A0635F98D}.Debug|x86.Build.0 = Debug|Win32
		{7FDEC709-A15D-4ED0-AC05-460A0635F98D}.Release|x64.ActiveCfg = Release|x64
		{7FDEC709-A15D-4ED0-AC05-460A0635F98D}.Release|x64.Build.0 = Release|x64
		{7FDEC709-A15D-4ED0-AC05-460A0635F98D}.Release|x86.ActiveCfg = Release|Win32
		{7FDEC709-A15D-4ED0-AC05-460A0635F98D}.Release|x86.Build.0 = Release|Win32
		{E66FD4E3-E03C-4CE9-B358-FCB5397B59FC}.Debug|x64.ActiveCfg = Debug|x64
		{E66FD4E3-E03C-4CE9-B358-FCB5397B59FC}.Debug|x64.Build.0 = Debug|x64
		{E66FD4E3-E03C-4CE9-B358-FCB5397B59FC}.Debug|x86.ActiveCfg = Debug|Win32
		{E66FD4E3-E03C-4CE9-B358-FCB5397B59FC}.Debug|x86.Build.0 = Debug|Win32
		{E66FD4E3-E03C-4CE9-B358-FCB5397B59FC}.Release|x64.ActiveCfg = Release|x64
		{E66FD4E3-E03C-4CE9-B358-FCB5397B59FC}.Release|x64.Build.0 = Release|x64
		{E66FD4E3-E03C-4CE9-B358-FCB5397B59FC}.Release|x86.ActiveCfg = Release|Win32
		{E66FD4E3-E03C-4CE9-B358-FCB5397B59FC}.Release|x86.Build.0 = Release|Win32
		{4C867650-59CB-46A8-92A9-C0AD6C931A88}.Debug|x64.ActiveCfg = Debug|x64
		{4C867650-59CB-46A8-92A9-C0AD6C931A88}.Debug|x64.Build.0 = Debug|x64
		{4C867650-59CB-46A8-92A9-C0AD6C931A88}.Debug|x86.ActiveCfg = Debug|Win32
		{4C867650-59CB-46A8-92A9-C0AD6C931A88}.Debug|x86.Build.0 = Debug|Win32
		{4C867650-59CB-46A8-92A9-C0AD6C931A88}.Release|x64.ActiveCfg = Release|x64
		{4C867650-59CB-46A8-92A9-C0AD6C931A88}.Release|x64.Build.0 = Release|x64
		{4C867650-59CB-46A8-92A9-C0AD6C931A88}.Release|x86.ActiveCfg = Release|Win32
		{4C867650-59CB-46A8-92A9-C0AD6C931A88}.Release|x86.Build.0 = Release|Win32
		{5624D190-00E1-49D4-AB8D-20DAC0876B08}.Debug|x64.ActiveCfg = Debug|x64
		{5624D190-00E1-49D4-AB8D-20DAC0876B08}.Debug|x64.Build.0 = Debug|x64
		{5624D190-00E1-49D4-AB8D-20DAC0876B08}.Debug|x86.ActiveCfg = Debug|Win32
		{5624D190-00E1-49D4-AB8D-20DAC0876B08}.Debug|x86.Build.0 = Debug|Win32
		{5624D190-00E1-49D4-AB8D-20DAC0876B08}.Release|x64.ActiveCfg = Release|x64
		{5624D190-00E1-49D4-AB8D-20DAC0876B08}.Release|x64.Build.0 = Release|x64
		{5624D190-00E1-49D4-AB8D-20DAC0876B08}.Release|x86.ActiveCfg = Release|Win32
		{5624D190-00E1-49D4-AB8D-20DAC0876B08}.Release|x86.Build.0 = Release|Win32
		{2C0BC00B-E1C4-4647-9F46-19B311D7413F}.Debug|x64.ActiveCfg = Debug|x64
		{2C0BC00B-E1C4-4647-9F46-19B311D7413F}.Debug|x64.Build.0 = Debug|x64
		{2C0BC00B-E1C4-4647-9F46-19B311D7413F}.Debug|x86.ActiveCfg = Debug|Win32
		{2C0BC00B-E1C4-4647-9F46-19B311D7413F}.Debug|x86.Build.0 = Debug|Win32
		{2C0BC00B-E1C4-4647-9F46-19B311D7413F}.Release|x64.ActiveCfg = Release|x64
		{2C0BC00B-E1C4-4647-9F46-19B311D7413F}.Release|x64.Build.0 = Release|x64
		{2C0BC00B-E1C4-4647-9F46-19B311D7413F}.Release|x86.ActiveCfg = Release|Win32
		{2C0BC00B-E1C4-4647-9F46-19B311D7413F}.Release|x86.Build.0 = Release|Win32
		{1BC6CD07-88D3-44A6-993E-AAED3EAC4E94}.Debug|x64.ActiveCfg = Debug|x64
		{1BC6CD07-88D3-44A6-993E-AAED3EAC4E94}.Debug|x64.Build.0 = Debug|x64
		{1BC6CD07-88D3-44A6-993E-AAED3EAC4E94}.Debug|x86.ActiveCfg = Debug|Win32
		{1BC6CD07-88D3-44A6-993E-AAED3EAC4E94}.Debug|x86.Build.0 = Debug|Win32
		{1BC6CD07-88D3-44A6-993E-AAED3EAC4E94}.Release|x64.ActiveCfg = Release|x64
		{1BC6CD07-88D3-44A6-993E-AAED3EAC4E94}.Release|x64.Build.0 = Release|x64
		{1BC6CD07-88D3-44A6-993E-AAED3EAC4E94}.Release|x86.ActiveCfg = Release|Win32
		{1BC6CD07-88D3-44A6-993E-AAED3EAC4E94}.Release|x86.Build.0 = Release|Win32
		{9B10E6D4-764D-438C-B329-B35A67F7E3F4}.Debug|x64.ActiveCfg = Debug|x64
		{9B10E6D4-764D-438C-B329-B35A67F7E3F4}.Debug|x64.Build.0 = Debug|x64
		{9B10E6D4-764D-438C-B329-B35A67F7E3F4}.Debug|x86.ActiveCfg = Debug|Win32
		{9B10E6D4-764D-438C-B329-B35A67F7E3F4}.Debug|x86.Build.0 = Debug|Win32
		{9B10E6D4-764D-438C-B329-B35A67F7E3F4}.Release|x64.ActiveCfg = Release|x64
		{9B10E6D4-764D-438C-B329-B35A67F7E3F4}.Release|x64.Build.0 = Release|x64
		{9B10E6D4-764D-438C-B329-B35A67F7E3F4}.Release|x86.ActiveCfg = Release|Win32
		{9B10E6D4-764D-438C-B329-B35A67F7E3F4}.Release|x86.Build.0 = Release|Win32
		{757C6CA9-3961-4B7C-BFA4-C1D471118FE4}.Debug|x64.ActiveCfg = Debug|x64
		{757C6CA9-3961-4B7C-BFA4-C1D471118FE4}.Debug|x64.Build.0 = Debug|x64
		{757C6CA9-3961-4B7C-BFA4-C1D471118FE4}.Debug|x86.ActiveCfg = Debug|Win32
		{757C6CA9-3961-4B7C-BFA4-C1D471118FE4}.Debug|x86.Build.0 = Debug|Win32
		{757C6CA9-3961-4B7C-BFA4-C1D471118FE4}.Release|x64.ActiveCfg = Release|x64
		{757C6CA9-3961-4B7C-BFA4-C1D471118FE4}.Release|x64.Build.0 = Release|x64
		{757C6CA9-3961-4B7C-BFA4-C1D471118FE4}.Release|x86.ActiveCfg = Release|Win32
		{757C6CA9-3961-4B7C-BFA4-C1D471118FE4}.Release|x86.Build.0 = Release|Win32
		{B2125488-61FE-4329-A759-73EFCDF8E559}.Debug|x64.ActiveCfg = Debug|x64
		{B2125488-61FE-4329-A759-73EFCDF8E559}.Debug|x64.Build.0 = Debug|x64
		{B2125488-61FE-4329-A759-73EFCDF8E559}.Debug|x86.ActiveCfg = Debug|Win32
		{B2125488-61FE-4329-A759-73EFCDF8E559}.Debug|x86.Build.0 = Debug|Win32
		{B2125488-61FE-4329-A759-73EFCDF8E559}.Release|x64.ActiveCfg = Release|x64
		{B2125488-61FE-4329-A759-73EFCDF8E559}.Release|x64.Build.0 = Release|x64
		{B2125488-61FE-4329-A759-73EFCDF8E559}.Release|x86.ActiveCfg = Release|Win32
		{B2125488-61FE-4329-A759-73EFCDF8E559}.Release|x86.Build.0 = Release|Win32
		{59104300-215D-4D30-9700-AC9561F38407}.Debug|x64.ActiveCfg = Debug|x64
		{59104300-215D-4D30-9700-AC9561F38407}.Debug|x64.Build.0 = Debug|x64
		{59104300-215D-4D30-9700-AC9561F38407}.Debug|x86.ActiveCfg = Debug|Win32
		{59104300-215D-4D30-9700-AC9561F38407}.Debug|x86.Build.0 = Debug|Win32
		{59104300-215D-4D30-9700-AC9561F38407}.Release|x64.ActiveCfg = Release|x64
		{59104300-215D-4D30-9700-AC9561F38407}.Release|x64.Build.0 = Release|x64
		{59104300-215D-4D30-9700-AC9561F38407}.Release|x86.ActiveCfg = Release|Win32
		{59104300-215D-4D30-9700-AC9561F38407}.Release|x86.Build.0 = Release|Win32
		{E0F0AB7A-D47B-46C4-9C99-262205D017D7}.Debug|x64.ActiveCfg = Debug|x64
		{E0F0AB7A-D47B-46C4-9C99-262205D017D7}.Debug|x64.Build.0 = Debug|x64
		{E0F0AB7A-D47B-46C4-9C99-262205D017D7}.Debug|x86.ActiveCfg = Debug|Win32
		{E0F0AB7A-D47B-46C4-9C99-262205D017D7}.Debug|x86.Build.0 = Debug|Win32
		{E0F0AB7A-D47B-46C4-9C99-262205D017D7}.Release|x64.ActiveCfg = Release|x64
		{E0F0AB7A-D47B-46C4-9C99-262205D017D7}.Release|x64.Build.0 = Release|x64
		{E0F0AB7A-D47B-46C4-9C99-262205D017D7}.Release|x86.ActiveCfg = Release|Win32
		{E0F0AB7A-D47B-46C4-9C99-262205D017D7}.Release|x86.Build.0 = Release|Win32
		{C2938D4A-D0AE-47B1-9881-2331D4E3F453}.Debug|x64.ActiveCfg = Debug|x64
		{C2938D4A-D0AE-47B1-9881-2331D4E3F453}.Debug|x64.Build.0 = Debug|x64
		{C2938D4A-D0AE-47B1-9881-2331D4E3F453}.Debug|x86.ActiveCfg = Debug|Win32
		{C2938D4A-D0AE-47B1-9881-2331D4E3F453}.Debug|x86.Build.0 = Debug|Win32
		{C2938D4A-D0AE-47B1-9881-2331D4E3F453}.Release|x64.ActiveCfg = Release|x64
		{C2938D4A-D0AE-47B1-9881-2331D4E3F453}.Release|x64.Build.0 = Release|x64
		{C2938D4A-D0AE-47B1-9881-2331D4E3F453}.Release|x86.ActiveCfg = Release|Win32
		{C2938D4A-D0AE-47B1-9881-2331D4E3F453}.Release|x86.Build.0 = Release|Win32
		{78FCF8E4-4F71-46AC-9888-0A58D97E40A4}.Debug|x64.ActiveCfg = Debug|x64
		{78FCF8E4-4F71-46AC-9888-0A58D97E40A4}.Debug|x64.Build.0 = Debug|x64
		{78FCF8E4-4F71-46AC-9888-0A58D97E40A4}.Debug|x86.ActiveCfg = Debug|Win32
		{78FCF8E4-4F71-46AC-9888-0A58D97E40A4}.Debug|x86.Build.0 = Debug|Win32
		{78FCF8E4-4F71-46AC-9888-0A58D97E40A4}.Release|x64.ActiveCfg = Release|x64
		{78FCF8E4-4F71-46AC-9888-0A58D97E40A4}.Release|x64.Build.0 = Release|x64
		{78FCF8E4-4F71-46AC-9888-0A58D97E40A4}.Release|x86.ActiveCfg = Release|Win32
		{78FCF8E4-4F71-46AC-9888-0A58D97E40A4}.Release|x86.Build.0 = Release|Win32
		{67054F82-08FD-4938-9FAD-111869B00715}.Debug|x64.ActiveCfg = Debug|x64
		{67054F82-08FD-4938-9FAD-111869B00715}.Debug|x64.Build.0 = Debug|x64
		{67054F82-08FD-4938-9FAD-111869B00715}.Debug|x86.ActiveCfg = Debug|Win32
		{67054F82-08FD-4938-9FAD-111869B00715}.Debug|x86.Build.0 = Debug|Win32
		{67054F82-08FD-4938-9FAD-111869B00715}.Release|x64.ActiveCfg = Release|x64
		{67054F82-08FD-4938-9FAD-111869B00715}.Release|x64.Build.0 = Release|x64
		{67054F82-08FD-4938-9FAD-111869B00715}.Release|x86.ActiveCfg = Release|Win32
		{67054F82-08FD-4938-9FAD-111869B00715}.Release|x86.Build.0 = Release|Win32
		{5236A04B-C4AE-4ECB-A72E-F9A3E1EE7F70}.Debug|x64.ActiveCfg = Debug|x64
		{5236A04B-C4AE-4ECB-A72E-F9A3E1EE7F70}.Debug|x64.Build.0 = Debug|x64
		{5236A04B-C4AE-4ECB-A72E-F9A3E1EE7F70}.Debug|x86.ActiveCfg = Debug|Win32
		{5236A04B-C4AE-4ECB-A72E-F9A3E1EE7F70}.Debug|x86.Build.0 = Debug|Win32
		{5236A04B-C4AE-4ECB-A72E-F9A3E1EE7F70}.Release|x64.ActiveCfg = Release|x64
		{5236A04B-C4AE-4ECB-A72E-F9A3E1EE7F70}.Release|x64.Build.0 = Release|x64
		{5236A04B-C4AE-4ECB-A72E-F9A3E1EE7F70}.Release|x86.ActiveCfg = Release|Win32
		{5236A04B-C4AE-4ECB-A72E-F9A3E1EE7F70}.Release|x86.Build.0 = Release|Win32
		{DB9ED25B-D3F2-4ACB-81FB-5BE6A5B9BD96}.Debug|x64.ActiveCfg = Debug|x64
		{DB9ED25B-D3F2-4ACB-81FB-5BE6A5B9BD96}.Debug|x64.Build.0 = Debug|x64
		{DB9ED25B-D3F2-4ACB-81FB-5BE6A5B9BD96}.Debug|x86.ActiveCfg = Debug|Win32
		{DB9ED25B-D3F2-4ACB-81FB-5BE6A5B9BD96}.Debug|x86.Build.0 = Debug|Win32
		{DB9ED25B-D3F2-4ACB-81FB-5BE6A5B9BD96}.Release|x64.ActiveCfg = Release|x64
		{DB9ED25B-D3F2-4ACB-81FB-5BE6A5B9BD96}.Release|x64.Build.0 = Release|x64
		{DB9ED25B-D3F2-4ACB-81FB-5BE6A5B9BD96}.Release|x86.ActiveCfg = Release|Win32
		{DB9ED25B-D3F2-4ACB-81FB-5BE6A5B9BD96}.Release|x86.Build.0 = Release|Win32
		{7C58D0A4-45E7-48DD-9BA7-22B6F310406E}.Debug|x64.ActiveCfg = Debug|x64
		{7C58D0A4-45E7-48DD-9BA7-22B6F310406E}.Debug|x64.Build.0 = Debug|x64
		{7C58D0A4-45E7-48DD-9BA7-22B6F310406E}.Debug|x86.ActiveCfg = Debug|Win32
		{7C58D0A4-45E7-48DD-9BA7-22B6F310406E}.Debug|x86.Build.0 = Debug|Win32
		{7C58D0A4-45E7-48DD-9BA7-22B6F310406E}.Release|x64.ActiveCfg = Release|x64
		{7C58D0A4-45E7-48DD-9BA7-22B6F310406E}.Release|x64.Build.0 = Release|x64
		{7C58D0A4-45E7-48DD-9BA7-22B6F310406E}.Release|x86.ActiveCfg = Release|Win32
		{7C58D0A4-45E7-48DD-9BA7-22B6F310406E}.Release|x86.Build.0 = Release|Win32
		{83BC9B65-B970-4A29-A922-A9305B1C301F}.Debug|x64.ActiveCfg = Debug|x64
		{83BC9B65-B970-4A29-A922-A9305B1C301F}.Debug|x64.Build.0 = Debug|x64
		{83BC9B65-B970-4A29-A922-A9305B1C301F}.Debug|x86.ActiveCfg = Debug|Win32
		{83BC9B65-B970-4A29-A922-A9305B1C301F}.Debug|x86.Build.0 = Debug|Win32
		{83BC9B65-B970-4A29-A922-A9305B1C301F}.Release|x64.ActiveCfg = Release|x64
		{83BC9B65-B970-4A29-A922-A9305B1C301F}.Release|x64.Build.0 = Release|x64
		{83BC9B65-B970-4A29-A922-A9305B1C301F}.Release|x86.ActiveCfg = Release|Win32
		{83BC9B65-B970-4A29-A922-A9305B1C301F}.Release|x86.Build.0 = Release|Win32
		{35CF51A8-9A69-481E-91F0-C1764FD0830F}.Debug|x64.ActiveCfg = Debug|x64
		{35CF51A8-9A69-481E-91F0-C1764FD0830F}.Debug|x64.Build.0 = Debug|x64
		{35CF51A8-9A69-481E-91F0-C1764FD0830F}.Debug|x86.ActiveCfg = Debug|Win32
		{35CF51A8-9A69-481E-91F0-C1764FD0830F}.Debug|x86.Build.0 = Debug|Win32
		{35CF51A8-9A69-481E-91F0-C1764FD0830F}.Release|x64.ActiveCfg = Release|x64
		{35CF51A8-9A69-481E-91F0-C1764FD0830F}.Release|x64.Build.0 = Release|x64
		{35CF51A8-9A69-481E-91F0-C1764FD0830F}.Release|x86.ActiveCfg = Release|Win32
		{35CF51A8-9A69-481E-91F0-C1764FD0830F}.Release|x86.Build.0 = Release|Win32
		{12A0D2EB-4F9B-43A5-8B21-C9B52A7BA9D6}.Debug|x64.ActiveCfg = Debug|x64
		{12A0D2EB-4F9B-43A5-8B21-C9B52A7BA9D6}.Debug|x64.Build.0 = Debug|x64
		{12A0D2EB-4F9B-43A5-8B21-C9B52A7BA9D6}.Debug|x86.ActiveCfg = Debug|Win32
		{12A0D2EB-4F9B-43A5-8B21-C9B52A7BA9D6}.Debug|x86.Build.0 = Debug|Win32
		{12A0D2EB-4F9B-43A5-8B21-C9B52A7BA9D6}.Release|x64.ActiveCfg = Release|x64
		{12A0D2EB-4F9B-43A5-8B21-C9B52A7BA9D6}.Release|x64.Build.0 = Release|x64
		{12A0D2EB-4F9B-43A5-8B21-C9B52A7BA9D6}.Release|x86.ActiveCfg = Release|Win32
		{12A0D2EB-4F9B-43A5-8B21-C9B52A7BA9D6}.Release|x86.Build.0 = Release|Win32
		{A4E8BB4E-F536-4EA0-9DD1-7A353E199FAF}.Debug|x64.ActiveCfg = Debug|x64
		{A4E8BB4E-F536-4EA0-9DD1-7A353E199FAF}.Debug|x64.Build.0 = Debug|x64
		{A4E8BB4E-F536-4EA0-9DD1-7A353E199FAF}.Debug|x86.ActiveCfg = Debug|Win32
		{A4E8BB4E-F536-4EA0-9DD1-7A353E199FAF}.Debug|x86.Build.0 = Debug|Win32
		{A4E8BB4E-F536-4EA0-9DD1-7A353E199FAF}.Release|x64.ActiveCfg = Release|x64
		{A4E8BB4E-F536-4EA0-9DD1-7A353E199FAF}.Release|x64.Build.0 = Release|x64
		{A4E8BB4E-F536-4EA0-9DD1-7A353E199FAF}.Release|x86.ActiveCfg = Release|Win32
		{A4E8BB4E-F536-4EA0-9DD1-7A353E199FAF}.Release|x86.Build.0 = Release|Win32
		{2732BF27-5C06-4023-9CB0-CF2A37F17709}.Debug|x64.ActiveCfg = Debug|x64
		{2732BF27-5C06-4023-9CB0-CF2A37F17709}.Debug|x64.Build.0 = Debug|x64
		{2732BF27-5C06-4023-9CB0-CF2A37F17709}.Debug|x86.ActiveCfg = Debug|Win32
		{2732BF27-5C06-4023-9CB0-CF2A37F17709}.Debug|x86.Build.0 = Debug|Win32
		{2732BF27-5C06-4023-9CB0-CF2A37F17709}.Release|x64.ActiveCfg = Release|x64
		{2732BF27-5C06-4023-9CB0-CF2A37F17709}.Release|x64.Build.0 = Release|x64
		{2732BF27-5C06-4023-9CB0-CF2A37F17709}.Release|x86.ActiveCfg = Release|Win32
		{2732BF27-5C06-4023-9CB0-CF2A37F17709}.Release|x86.Build.0 = Release|Win32
		{7F01C253-2780-4B72-AC0A-16D0F64F3B11}.Debug|x64.ActiveCfg = Debug|x64
		{7F01C253-2780-4B72-AC0A-16D0F64F3B11}.Debug|x64.Build.0 = Debug|x64
		{7F01C253-2780-4B72-AC0A-16D0F64F3B11}.Debug|x86.ActiveCfg = Debug|Win32
		{7F01C253-2780-4B72-AC0A-16D0F64F3B11}.Debug|x86.Build.0 = Debug|Win32
		{7F01C253-2780-4B72-AC0A-16D0F64F3B11}.Release|x64.ActiveCfg = Release|x64
		{7F01C253-2780-4B72-AC0A-16D0F64F3B11}.Release|x64.Build.0 = Release|x64
		{7F01C253-2780-4B72-AC0A-16D0F64F3B11}.Release|x86.ActiveCfg = Release|Win32
		{7F01C253-2780-4B72-AC0A-16D0F64F3B11}.Release|x86.Build.0 = Release|Win32
		{39484AB6-9D5C-4345-AA0C-041CC52D4C02}.Debug|x64.ActiveCfg = Debug|x64
		{39484AB6-9D5C-4345-AA0C-041CC52D4C02}.Debug|x64.Build.0 = Debug|x64
		{39484AB6-9D5C-4345-AA0C-041CC52D4C02}.Debug|x86.ActiveCfg = Debug|Win32
		{39484AB6-9D5C-4345-AA0C-041CC52D4C02}.Debug|x86.Build.0 = Debug|Win32
		{39484AB6-9D5C-4345-AA0C-041CC52D4C02}.Release|x64.ActiveCfg = Release|x64
		{39484AB6-9D5C-4345-AA0C-041CC52D4C02}.Release|x64.Build.0 = Release|x64
		{39484AB6-9D5C-4345-AA0C-041CC52D4C02}.Release|x86.ActiveCfg = Release|Win32
		{39484AB6-9D5C-4345-AA0C-041CC52D4C02}.Release|x86.Build.0 = Release|Win32
		{F43BEF41-EEFF-42F5-BFB4-1AF4F0429B74}.Debug|x64.ActiveCfg = Debug|x64
		{F43BEF41-EEFF-42F5-BFB4-1AF4F0429B74}.Debug|x64.Build.0 = Debug|x64
		{F43BEF41-EEFF-42F5-BFB4-1AF4F0429B74}.Debug|x86.ActiveCfg = Debug|Win32
		{F43BEF41-EEFF-42F5-BFB4-1AF4F0429B74}.Debug|x86.Build.0 = Debug|Win32
		{F43BEF41-EEFF-42F5-BFB4-1AF4F0429B74}.Release|x64.ActiveCfg = Release|x64
		{F43BEF41-EEFF-42F5-BFB4-1AF4F0429B74}.Release|x64.Build.0 = Release|x64
		{F43BEF41-EEFF-42F5-BFB4-1AF4F0429B74}.Release|x86.ActiveCfg = Release|Win32
		{F43BEF41-EEFF-42F5-BFB4-1AF4F0429B74}.Release|x86.Build.0 = Release|Win32
		{7D706E6C-61E2-498D-A5A2-0792F1C8CAB5}.Debug|x64.ActiveCfg = Debug|x64
		{7D706E6C-61E2-498D-A5A2-0792F1C8CAB5}.Debug|x64.Build.0 = Debug|x64
		{7D706E6C-61E2-498D-A5A2-0792F1C8CAB5}.Debug|x86.ActiveCfg = Debug|Win32
		{7D706E6C-61E2-498D-A5A2-0792F1C8CAB5}.Debug|x86.Build.0 = Debug|Win32
		{7D706E6C-61E2-498D-A5A2-0792F1C8CAB5}.Release|x64.ActiveCfg = Release|x64
		{7D706E6C-61E2-498D-A5A2-0792F1C8CAB5}.Release|x64.Build.0 = Release|x64
		{7D706E6C-61E2-498D-A5A2-0792F1C8CAB5}.Release|x86.ActiveCfg = Release|Win32
		{7D706E6C-61E2-498D-A5A2-0792F1C8CAB5}.Release|x86.Build.0 = Release|Win32
	EndGlobalSection
	GlobalSection(SolutionProperties) = preSolution
		HideSolutionNode = FALSE
	EndGlobalSection
	GlobalSection(NestedProjects) = preSolution
		{7D1CABD0-F175-42A3-97D9-95826010E8E0} = {E8B318C7-6A4B-43F3-8237-15E218D4266A}
		{E21CD50F-FFC5-4B83-A598-403A67774279} = {5AEA0D15-D2CD-4654-B8E4-6A5FE615CF15}
		{7898555D-9DA7-4653-AA0F-C718BE86B923} = {5AEA0D15-D2CD-4654-B8E4-6A5FE615CF15}
		{A7EAE2C0-7E4C-4468-BB63-D72320D330A7} = {5AEA0D15-D2CD-4654-B8E4-6A5FE615CF15}
		{E05ADE41-1440-47E3-B03D-4871361992D2} = {5AEA0D15-D2CD-4654-B8E4-6A5FE615CF15}
		{F0FB8670-50EF-4A41-A957-1B7E479E0AEA} = {E8B318C7-6A4B-43F3-8237-15E218D4266A}
		{E6451760-16CC-475F-B2BB-E834488448DE} = {18C60D6E-1CFF-40F4-8E97-FF9A8B7BA771}
		{3B495E73-0089-4763-8AD7-A35C4A396511} = {18C60D6E-1CFF-40F4-8E97-FF9A8B7BA771}
		{28CF8FF7-D102-4002-A09D-91ADFD5257DC} = {18C60D6E-1CFF-40F4-8E97-FF9A8B7BA771}
		{A514EF4E-BD36-46D2-8939-5E7F85EF5374} = {18C60D6E-1CFF-40F4-8E97-FF9A8B7BA771}
		{FBB52D8A-C1E1-4903-BAF5-28A6456B4891} = {18C60D6E-1CFF-40F4-8E97-FF9A8B7BA771}
		{0729C115-83B1-40B3-9B15-3F44F712A4A6} = {18C60D6E-1CFF-40F4-8E97-FF9A8B7BA771}
		{933D31C5-6A28-4410-BBCE-50A5E71EEA40} = {5AEA0D15-D2CD-4654-B8E4-6A5FE615CF15}
		{B78397AA-1715-4262-93B1-662F59BC4CDF} = {5AEA0D15-D2CD-4654-B8E4-6A5FE615CF15}
		{E37B56D2-10FD-4038-A8B5-55BE80C486D2} = {5AEA0D15-D2CD-4654-B8E4-6A5FE615CF15}
		{30B0A5F3-6D3C-4639-B474-C2AEB02A0E02} = {5AEA0D15-D2CD-4654-B8E4-6A5FE615CF15}
		{EC9C8AD4-5DF6-48C0-8503-3F301DA5B172} = {18C60D6E-1CFF-40F4-8E97-FF9A8B7BA771}
		{FEC5D9F8-3F83-47F6-93BF-4B1DB9A0E30B} = {5AEA0D15-D2CD-4654-B8E4-6A5FE615CF15}
		{C8F6C172-56F2-4E76-B5FA-C3B423B31BE8} = {E8B318C7-6A4B-43F3-8237-15E218D4266A}
		{BD43AA5C-0A47-4D6D-A651-AD60CC1C0D70} = {18C60D6E-1CFF-40F4-8E97-FF9A8B7BA771}
		{BEE7CEEE-7A0C-44A4-9D07-01B7D127D341} = {52057455-3FB8-4294-BA64-9FF1C1656E68}
		{3456BBF3-34D6-400D-B48B-5F5E081F69ED} = {4ED96F5E-ACC1-4A44-A967-A8F194C3E4F0}
		{27DDD63B-CD66-4039-A109-25DD661775F3} = {18C60D6E-1CFF-40F4-8E97-FF9A8B7BA771}
		{5AE76ECA-77F1-4D94-AB3B-CA570099A9A5} = {52057455-3FB8-4294-BA64-9FF1C1656E68}
		{F3CB9121-6331-49AB-B440-5FF9BE862BA0} = {52057455-3FB8-4294-BA64-9FF1C1656E68}
		{CEB2F17D-6561-4018-B46A-7EAF3F1E0E99} = {52057455-3FB8-4294-BA64-9FF1C1656E68}
		{43E42C1D-CD7F-4B18-8980-DDE662435167} = {18C60D6E-1CFF-40F4-8E97-FF9A8B7BA771}
		{77EAB52B-7580-4874-9EB4-1C815ABB0DC6} = {52057455-3FB8-4294-BA64-9FF1C1656E68}
		{9970D1D0-CCA2-46C5-BC1B-72EF0BF9E156} = {4ED96F5E-ACC1-4A44-A967-A8F194C3E4F0}
		{7FDEC709-A15D-4ED0-AC05-460A0635F98D} = {52057455-3FB8-4294-BA64-9FF1C1656E68}
		{E66FD4E3-E03C-4CE9-B358-FCB5397B59FC} = {52057455-3FB8-4294-BA64-9FF1C1656E68}
		{2C0BC00B-E1C4-4647-9F46-19B311D7413F} = {52057455-3FB8-4294-BA64-9FF1C1656E68}
		{1BC6CD07-88D3-44A6-993E-AAED3EAC4E94} = {4ED96F5E-ACC1-4A44-A967-A8F194C3E4F0}
		{9B10E6D4-764D-438C-B329-B35A67F7E3F4} = {18C60D6E-1CFF-40F4-8E97-FF9A8B7BA771}
		{757C6CA9-3961-4B7C-BFA4-C1D471118FE4} = {18C60D6E-1CFF-40F4-8E97-FF9A8B7BA771}
		{59104300-215D-4D30-9700-AC9561F38407} = {52057455-3FB8-4294-BA64-9FF1C1656E68}
		{E0F0AB7A-D47B-46C4-9C99-262205D017D7} = {18C60D6E-1CFF-40F4-8E97-FF9A8B7BA771}
		{5236A04B-C4AE-4ECB-A72E-F9A3E1EE7F70} = {52057455-3FB8-4294-BA64-9FF1C1656E68}
		{DB9ED25B-D3F2-4ACB-81FB-5BE6A5B9BD96} = {18C60D6E-1CFF-40F4-8E97-FF9A8B7BA771}
		{12A0D2EB-4F9B-43A5-8B21-C9B52A7BA9D6} = {52057455-3FB8-4294-BA64-9FF1C1656E68}
		{A4E8BB4E-F536-4EA0-9DD1-7A353E199FAF} = {18C60D6E-1CFF-40F4-8E97-FF9A8B7BA771}
		{2732BF27-5C06-4023-9CB0-CF2A37F17709} = {4ED96F5E-ACC1-4A44-A967-A8F194C3E4F0}
		{7F01C253-2780-4B72-AC0A-16D0F64F3B11} = {4ED96F5E-ACC1-4A44-A967-A8F194C3E4F0}
		{39484AB6-9D5C-4345-AA0C-041CC52D4C02} = {18C60D6E-1CFF-40F4-8E97-FF9A8B7BA771}
	EndGlobalSection
	GlobalSection(ExtensibilityGlobals) = postSolution
		SolutionGuid = {628FB4E7-2CA9-47C7-AF4C-5AF28C0390C6}
	EndGlobalSection
EndGlobal
