
Microsoft Visual Studio Solution File, Format Version 12.00
# Visual Studio Version 17
VisualStudioVersion = 17.5.33530.505
MinimumVisualStudioVersion = 10.0.40219.1
Project("{8BC9CEB8-8B4A-11D0-8D11-00A0C91BC942}") = "logging-unit-tests", "logging\unit-tests\commit\logging-unit-tests.vcxproj", "{E89016D0-8E5C-4943-9FE0-630439D03459}"
	ProjectSection(ProjectDependencies) = postProject
		{056929FF-F5CE-44F6-97A1-9F2493E7A9CB} = {056929FF-F5CE-44F6-97A1-9F2493E7A9CB}
		{26B32CDF-4053-4C0E-8EC5-88A5F6D2AB0C} = {26B32CDF-4053-4C0E-8EC5-88A5F6D2AB0C}
		{6F7DDC0E-541A-4A52-90B7-8A4FC10B6C5B} = {6F7DDC0E-541A-4A52-90B7-8A4FC10B6C5B}
	EndProjectSection
EndProject
Project("{8BC9CEB8-8B4A-11D0-8D11-00A0C91BC942}") = "cmdline", "cmdline\cmdline.vcxproj", "{056929FF-F5CE-44F6-97A1-9F2493E7A9CB}"
	ProjectSection(ProjectDependencies) = postProject
		{26B32CDF-4053-4C0E-8EC5-88A5F6D2AB0C} = {26B32CDF-4053-4C0E-8EC5-88A5F6D2AB0C}
		{6F7DDC0E-541A-4A52-90B7-8A4FC10B6C5B} = {6F7DDC0E-541A-4A52-90B7-8A4FC10B6C5B}
	EndProjectSection
EndProject
Project("{8BC9CEB8-8B4A-11D0-8D11-00A0C91BC942}") = "logging", "logging\logging.vcxproj", "{26B32CDF-4053-4C0E-8EC5-88A5F6D2AB0C}"
	ProjectSection(ProjectDependencies) = postProject
		{6F7DDC0E-541A-4A52-90B7-8A4FC10B6C5B} = {6F7DDC0E-541A-4A52-90B7-8A4FC10B6C5B}
	EndProjectSection
EndProject
Project("{8BC9CEB8-8B4A-11D0-8D11-00A0C91BC942}") = "logging-configurator", "configurator\logging-configurator\logging-configurator.vcxproj", "{D90058FE-A387-4B89-BDBF-54D42176AF6E}"
	ProjectSection(ProjectDependencies) = postProject
		{056929FF-F5CE-44F6-97A1-9F2493E7A9CB} = {056929FF-F5CE-44F6-97A1-9F2493E7A9CB}
		{26B32CDF-4053-4C0E-8EC5-88A5F6D2AB0C} = {26B32CDF-4053-4C0E-8EC5-88A5F6D2AB0C}
		{6A271C05-6E79-46F1-90D6-70A71FDB3EF9} = {6A271C05-6E79-46F1-90D6-70A71FDB3EF9}
		{6F7DDC0E-541A-4A52-90B7-8A4FC10B6C5B} = {6F7DDC0E-541A-4A52-90B7-8A4FC10B6C5B}
		{9A3C6794-6AE5-476E-B121-21111EEF645A} = {9A3C6794-6AE5-476E-B121-21111EEF645A}
	EndProjectSection
EndProject
Project("{8BC9CEB8-8B4A-11D0-8D11-00A0C91BC942}") = "configurator", "configurator\configurator.vcxproj", "{9A3C6794-6AE5-476E-B121-21111EEF645A}"
	ProjectSection(ProjectDependencies) = postProject
		{056929FF-F5CE-44F6-97A1-9F2493E7A9CB} = {056929FF-F5CE-44F6-97A1-9F2493E7A9CB}
		{26B32CDF-4053-4C0E-8EC5-88A5F6D2AB0C} = {26B32CDF-4053-4C0E-8EC5-88A5F6D2AB0C}
		{6F7DDC0E-541A-4A52-90B7-8A4FC10B6C5B} = {6F7DDC0E-541A-4A52-90B7-8A4FC10B6C5B}
	EndProjectSection
EndProject
Project("{8BC9CEB8-8B4A-11D0-8D11-00A0C91BC942}") = "logging-example1", "logging\examples\logging-example1\logging-example1.vcxproj", "{EDC16F52-1260-4CB7-AA5C-12F346674DCA}"
	ProjectSection(ProjectDependencies) = postProject
		{056929FF-F5CE-44F6-97A1-9F2493E7A9CB} = {056929FF-F5CE-44F6-97A1-9F2493E7A9CB}
		{26B32CDF-4053-4C0E-8EC5-88A5F6D2AB0C} = {26B32CDF-4053-4C0E-8EC5-88A5F6D2AB0C}
		{6F7DDC0E-541A-4A52-90B7-8A4FC10B6C5B} = {6F7DDC0E-541A-4A52-90B7-8A4FC10B6C5B}
	EndProjectSection
EndProject
Project("{8BC9CEB8-8B4A-11D0-8D11-00A0C91BC942}") = "configurator-unit-tests", "configurator\unit-tests\commit\configurator-unit-tests.vcxproj", "{98839C65-D382-4AE8-A685-98BB10FC36A2}"
	ProjectSection(ProjectDependencies) = postProject
		{26B32CDF-4053-4C0E-8EC5-88A5F6D2AB0C} = {26B32CDF-4053-4C0E-8EC5-88A5F6D2AB0C}
		{6A271C05-6E79-46F1-90D6-70A71FDB3EF9} = {6A271C05-6E79-46F1-90D6-70A71FDB3EF9}
		{6F7DDC0E-541A-4A52-90B7-8A4FC10B6C5B} = {6F7DDC0E-541A-4A52-90B7-8A4FC10B6C5B}
		{9A3C6794-6AE5-476E-B121-21111EEF645A} = {9A3C6794-6AE5-476E-B121-21111EEF645A}
	EndProjectSection
EndProject
Project("{8BC9CEB8-8B4A-11D0-8D11-00A0C91BC942}") = "cmdline-unit-tests", "cmdline\unit-tests\commit\cmdline-unit-tests.vcxproj", "{CC9FCC6E-4F9B-4C36-B1CE-AE0A07923750}"
	ProjectSection(ProjectDependencies) = postProject
		{056929FF-F5CE-44F6-97A1-9F2493E7A9CB} = {056929FF-F5CE-44F6-97A1-9F2493E7A9CB}
		{26B32CDF-4053-4C0E-8EC5-88A5F6D2AB0C} = {26B32CDF-4053-4C0E-8EC5-88A5F6D2AB0C}
		{6F7DDC0E-541A-4A52-90B7-8A4FC10B6C5B} = {6F7DDC0E-541A-4A52-90B7-8A4FC10B6C5B}
	EndProjectSection
EndProject
Project("{8BC9CEB8-8B4A-11D0-8D11-00A0C91BC942}") = "cmdline-example1", "cmdline\examples\cmdline-example1\cmdline-example1.vcxproj", "{D1DB1420-86E1-41D3-A59B-FB44646C311C}"
	ProjectSection(ProjectDependencies) = postProject
		{056929FF-F5CE-44F6-97A1-9F2493E7A9CB} = {056929FF-F5CE-44F6-97A1-9F2493E7A9CB}
		{26B32CDF-4053-4C0E-8EC5-88A5F6D2AB0C} = {26B32CDF-4053-4C0E-8EC5-88A5F6D2AB0C}
		{6F7DDC0E-541A-4A52-90B7-8A4FC10B6C5B} = {6F7DDC0E-541A-4A52-90B7-8A4FC10B6C5B}
	EndProjectSection
EndProject
Project("{2150E333-8FDC-42A3-9474-1A3956D46DE8}") = "tests", "tests", "{2AA43660-8CC2-4655-9575-DD7CCDCD2545}"
EndProject
Project("{2150E333-8FDC-42A3-9474-1A3956D46DE8}") = "applications", "applications", "{A79A634D-E860-4F70-B4DB-CF14511BDF82}"
EndProject
Project("{2150E333-8FDC-42A3-9474-1A3956D46DE8}") = "libraries", "libraries", "{520B23CD-C9D6-4D2D-A3D8-D813F8C987E5}"
EndProject
Project("{8BC9CEB8-8B4A-11D0-8D11-00A0C91BC942}") = "xml", "xml-parser\xml\xml.vcxproj", "{6A271C05-6E79-46F1-90D6-70A71FDB3EF9}"
	ProjectSection(ProjectDependencies) = postProject
		{056929FF-F5CE-44F6-97A1-9F2493E7A9CB} = {056929FF-F5CE-44F6-97A1-9F2493E7A9CB}
		{26B32CDF-4053-4C0E-8EC5-88A5F6D2AB0C} = {26B32CDF-4053-4C0E-8EC5-88A5F6D2AB0C}
		{6F7DDC0E-541A-4A52-90B7-8A4FC10B6C5B} = {6F7DDC0E-541A-4A52-90B7-8A4FC10B6C5B}
	EndProjectSection
EndProject
Project("{8BC9CEB8-8B4A-11D0-8D11-00A0C91BC942}") = "utilities", "productivity\utilities\utilities.vcxproj", "{6F7DDC0E-541A-4A52-90B7-8A4FC10B6C5B}"
	ProjectSection(ProjectDependencies) = postProject
		{55AC1806-B859-452E-9348-BCE58C1CA50B} = {55AC1806-B859-452E-9348-BCE58C1CA50B}
	EndProjectSection
EndProject
Project("{8BC9CEB8-8B4A-11D0-8D11-00A0C91BC942}") = "database-test", "database-test\database-test.vcxproj", "{70A7AE0B-D376-42C3-A498-3CEB3C64EB5F}"
	ProjectSection(ProjectDependencies) = postProject
		{056929FF-F5CE-44F6-97A1-9F2493E7A9CB} = {056929FF-F5CE-44F6-97A1-9F2493E7A9CB}
		{26B32CDF-4053-4C0E-8EC5-88A5F6D2AB0C} = {26B32CDF-4053-4C0E-8EC5-88A5F6D2AB0C}
		{6F7DDC0E-541A-4A52-90B7-8A4FC10B6C5B} = {6F7DDC0E-541A-4A52-90B7-8A4FC10B6C5B}
	EndProjectSection
EndProject
Project("{8BC9CEB8-8B4A-11D0-8D11-00A0C91BC942}") = "helloworld", "helloworld\helloworld.vcxproj", "{9100FB92-2660-4F0B-AFA2-46EF5AF8C80A}"
	ProjectSection(ProjectDependencies) = postProject
		{056929FF-F5CE-44F6-97A1-9F2493E7A9CB} = {056929FF-F5CE-44F6-97A1-9F2493E7A9CB}
		{26B32CDF-4053-4C0E-8EC5-88A5F6D2AB0C} = {26B32CDF-4053-4C0E-8EC5-88A5F6D2AB0C}
		{6A271C05-6E79-46F1-90D6-70A71FDB3EF9} = {6A271C05-6E79-46F1-90D6-70A71FDB3EF9}
		{6F7DDC0E-541A-4A52-90B7-8A4FC10B6C5B} = {6F7DDC0E-541A-4A52-90B7-8A4FC10B6C5B}
		{9A3C6794-6AE5-476E-B121-21111EEF645A} = {9A3C6794-6AE5-476E-B121-21111EEF645A}
	EndProjectSection
EndProject
Project("{8BC9CEB8-8B4A-11D0-8D11-00A0C91BC942}") = "gui-alarm-dll", "gui\alarm\alarm.vcxproj", "{59104300-215D-4D30-9700-AC9561F38407}"
	ProjectSection(ProjectDependencies) = postProject
		{26B32CDF-4053-4C0E-8EC5-88A5F6D2AB0C} = {26B32CDF-4053-4C0E-8EC5-88A5F6D2AB0C}
		{5AE76ECA-77F1-4D94-AB3B-CA570099A9A5} = {5AE76ECA-77F1-4D94-AB3B-CA570099A9A5}
		{6F7DDC0E-541A-4A52-90B7-8A4FC10B6C5B} = {6F7DDC0E-541A-4A52-90B7-8A4FC10B6C5B}
		{CEB2F17D-6561-4018-B46A-7EAF3F1E0E99} = {CEB2F17D-6561-4018-B46A-7EAF3F1E0E99}
	EndProjectSection
EndProject
Project("{2150E333-8FDC-42A3-9474-1A3956D46DE8}") = "gui", "gui", "{467822F6-AD68-4520-AAAE-6225CB65ABD3}"
EndProject
Project("{8BC9CEB8-8B4A-11D0-8D11-00A0C91BC942}") = "gui-common-dll", "gui\common\common.vcxproj", "{5AE76ECA-77F1-4D94-AB3B-CA570099A9A5}"
	ProjectSection(ProjectDependencies) = postProject
		{056929FF-F5CE-44F6-97A1-9F2493E7A9CB} = {056929FF-F5CE-44F6-97A1-9F2493E7A9CB}
		{26B32CDF-4053-4C0E-8EC5-88A5F6D2AB0C} = {26B32CDF-4053-4C0E-8EC5-88A5F6D2AB0C}
		{3456BBF3-34D6-400D-B48B-5F5E081F69ED} = {3456BBF3-34D6-400D-B48B-5F5E081F69ED}
	EndProjectSection
EndProject
Project("{8BC9CEB8-8B4A-11D0-8D11-00A0C91BC942}") = "gui-alarm-example1", "gui\alarm\examples\gui-alarm-example1\gui-alarm-example1.vcxproj", "{E0F0AB7A-D47B-46C4-9C99-262205D017D7}"
	ProjectSection(ProjectDependencies) = postProject
		{26B32CDF-4053-4C0E-8EC5-88A5F6D2AB0C} = {26B32CDF-4053-4C0E-8EC5-88A5F6D2AB0C}
		{59104300-215D-4D30-9700-AC9561F38407} = {59104300-215D-4D30-9700-AC9561F38407}
		{6F7DDC0E-541A-4A52-90B7-8A4FC10B6C5B} = {6F7DDC0E-541A-4A52-90B7-8A4FC10B6C5B}
		{CEB2F17D-6561-4018-B46A-7EAF3F1E0E99} = {CEB2F17D-6561-4018-B46A-7EAF3F1E0E99}
	EndProjectSection
EndProject
Project("{8BC9CEB8-8B4A-11D0-8D11-00A0C91BC942}") = "gui-logger-dll", "gui\logger\logger.vcxproj", "{CEB2F17D-6561-4018-B46A-7EAF3F1E0E99}"
	ProjectSection(ProjectDependencies) = postProject
		{5AE76ECA-77F1-4D94-AB3B-CA570099A9A5} = {5AE76ECA-77F1-4D94-AB3B-CA570099A9A5}
		{BEE7CEEE-7A0C-44A4-9D07-01B7D127D341} = {BEE7CEEE-7A0C-44A4-9D07-01B7D127D341}
	EndProjectSection
EndProject
Project("{8BC9CEB8-8B4A-11D0-8D11-00A0C91BC942}") = "gui-logmaster-dll", "gui\logmaster\logmaster.vcxproj", "{BEE7CEEE-7A0C-44A4-9D07-01B7D127D341}"
	ProjectSection(ProjectDependencies) = postProject
		{056929FF-F5CE-44F6-97A1-9F2493E7A9CB} = {056929FF-F5CE-44F6-97A1-9F2493E7A9CB}
		{26B32CDF-4053-4C0E-8EC5-88A5F6D2AB0C} = {26B32CDF-4053-4C0E-8EC5-88A5F6D2AB0C}
		{5AE76ECA-77F1-4D94-AB3B-CA570099A9A5} = {5AE76ECA-77F1-4D94-AB3B-CA570099A9A5}
	EndProjectSection
EndProject
Project("{8BC9CEB8-8B4A-11D0-8D11-00A0C91BC942}") = "api-logmaster-dll", "api\api-logmaster\api-logmaster-dll.vcxproj", "{3456BBF3-34D6-400D-B48B-5F5E081F69ED}"
	ProjectSection(ProjectDependencies) = postProject
		{056929FF-F5CE-44F6-97A1-9F2493E7A9CB} = {056929FF-F5CE-44F6-97A1-9F2493E7A9CB}
		{26B32CDF-4053-4C0E-8EC5-88A5F6D2AB0C} = {26B32CDF-4053-4C0E-8EC5-88A5F6D2AB0C}
		{6F7DDC0E-541A-4A52-90B7-8A4FC10B6C5B} = {6F7DDC0E-541A-4A52-90B7-8A4FC10B6C5B}
	EndProjectSection
EndProject
Project("{8BC9CEB8-8B4A-11D0-8D11-00A0C91BC942}") = "gui-logmaster-example1", "gui\logmaster\examples\gui-qt-logmaster-example1\gui-qt-logmaster-example1.vcxproj", "{27DDD63B-CD66-4039-A109-25DD661775F3}"
	ProjectSection(ProjectDependencies) = postProject
		{056929FF-F5CE-44F6-97A1-9F2493E7A9CB} = {056929FF-F5CE-44F6-97A1-9F2493E7A9CB}
		{26B32CDF-4053-4C0E-8EC5-88A5F6D2AB0C} = {26B32CDF-4053-4C0E-8EC5-88A5F6D2AB0C}
		{3456BBF3-34D6-400D-B48B-5F5E081F69ED} = {3456BBF3-34D6-400D-B48B-5F5E081F69ED}
		{5AE76ECA-77F1-4D94-AB3B-CA570099A9A5} = {5AE76ECA-77F1-4D94-AB3B-CA570099A9A5}
		{6F7DDC0E-541A-4A52-90B7-8A4FC10B6C5B} = {6F7DDC0E-541A-4A52-90B7-8A4FC10B6C5B}
		{BEE7CEEE-7A0C-44A4-9D07-01B7D127D341} = {BEE7CEEE-7A0C-44A4-9D07-01B7D127D341}
		{CEB2F17D-6561-4018-B46A-7EAF3F1E0E99} = {CEB2F17D-6561-4018-B46A-7EAF3F1E0E99}
	EndProjectSection
EndProject
Project("{8BC9CEB8-8B4A-11D0-8D11-00A0C91BC942}") = "gui-logger-example1", "gui\logger\examples\gui-loggergui-example1\gui-loggergui-example1.vcxproj", "{43E42C1D-CD7F-4B18-8980-DDE662435167}"
	ProjectSection(ProjectDependencies) = postProject
		{056929FF-F5CE-44F6-97A1-9F2493E7A9CB} = {056929FF-F5CE-44F6-97A1-9F2493E7A9CB}
		{26B32CDF-4053-4C0E-8EC5-88A5F6D2AB0C} = {26B32CDF-4053-4C0E-8EC5-88A5F6D2AB0C}
		{3456BBF3-34D6-400D-B48B-5F5E081F69ED} = {3456BBF3-34D6-400D-B48B-5F5E081F69ED}
		{5AE76ECA-77F1-4D94-AB3B-CA570099A9A5} = {5AE76ECA-77F1-4D94-AB3B-CA570099A9A5}
		{6F7DDC0E-541A-4A52-90B7-8A4FC10B6C5B} = {6F7DDC0E-541A-4A52-90B7-8A4FC10B6C5B}
		{BEE7CEEE-7A0C-44A4-9D07-01B7D127D341} = {BEE7CEEE-7A0C-44A4-9D07-01B7D127D341}
		{CEB2F17D-6561-4018-B46A-7EAF3F1E0E99} = {CEB2F17D-6561-4018-B46A-7EAF3F1E0E99}
	EndProjectSection
EndProject
Project("{8BC9CEB8-8B4A-11D0-8D11-00A0C91BC942}") = "utilities-unit-tests", "productivity\utilities\unit-tests\commit\utilities-unit-tests.vcxproj", "{7608E412-5B67-4326-BE3C-AB8467EFDC2C}"
	ProjectSection(ProjectDependencies) = postProject
		{056929FF-F5CE-44F6-97A1-9F2493E7A9CB} = {056929FF-F5CE-44F6-97A1-9F2493E7A9CB}
		{26B32CDF-4053-4C0E-8EC5-88A5F6D2AB0C} = {26B32CDF-4053-4C0E-8EC5-88A5F6D2AB0C}
		{6F7DDC0E-541A-4A52-90B7-8A4FC10B6C5B} = {6F7DDC0E-541A-4A52-90B7-8A4FC10B6C5B}
	EndProjectSection
EndProject
Project("{8BC9CEB8-8B4A-11D0-8D11-00A0C91BC942}") = "xml-validator", "xml-parser\xml\xml-validator\xml-validator.vcxproj", "{D46379D6-6127-441C-9864-E05AFAD82B81}"
	ProjectSection(ProjectDependencies) = postProject
		{26B32CDF-4053-4C0E-8EC5-88A5F6D2AB0C} = {26B32CDF-4053-4C0E-8EC5-88A5F6D2AB0C}
		{6A271C05-6E79-46F1-90D6-70A71FDB3EF9} = {6A271C05-6E79-46F1-90D6-70A71FDB3EF9}
		{6F7DDC0E-541A-4A52-90B7-8A4FC10B6C5B} = {6F7DDC0E-541A-4A52-90B7-8A4FC10B6C5B}
	EndProjectSection
EndProject
Project("{8BC9CEB8-8B4A-11D0-8D11-00A0C91BC942}") = "xml-example1", "xml-parser\xml\examples\xml-example1\xml-example1.vcxproj", "{8F5F2681-3052-407D-9865-F495B261FB44}"
	ProjectSection(ProjectDependencies) = postProject
		{6A271C05-6E79-46F1-90D6-70A71FDB3EF9} = {6A271C05-6E79-46F1-90D6-70A71FDB3EF9}
		{6F7DDC0E-541A-4A52-90B7-8A4FC10B6C5B} = {6F7DDC0E-541A-4A52-90B7-8A4FC10B6C5B}
	EndProjectSection
EndProject
Project("{8BC9CEB8-8B4A-11D0-8D11-00A0C91BC942}") = "xml-unit-tests", "xml-parser\xml\unit-tests\commit\xml-unit-tests.vcxproj", "{287E2A23-E84F-474B-9B8A-69FA79D1E9F1}"
	ProjectSection(ProjectDependencies) = postProject
		{26B32CDF-4053-4C0E-8EC5-88A5F6D2AB0C} = {26B32CDF-4053-4C0E-8EC5-88A5F6D2AB0C}
		{6A271C05-6E79-46F1-90D6-70A71FDB3EF9} = {6A271C05-6E79-46F1-90D6-70A71FDB3EF9}
		{6F7DDC0E-541A-4A52-90B7-8A4FC10B6C5B} = {6F7DDC0E-541A-4A52-90B7-8A4FC10B6C5B}
	EndProjectSection
EndProject
Project("{8BC9CEB8-8B4A-11D0-8D11-00A0C91BC942}") = "version-info", "productivity\utilities\version-info\version-info.vcxproj", "{55AC1806-B859-452E-9348-BCE58C1CA50B}"
EndProject
Project("{8BC9CEB8-8B4A-11D0-8D11-00A0C91BC942}") = "version-info-unit-tests", "productivity\utilities\version-info\unit-tests\version-info-unit-tests.vcxproj", "{A4CADDF0-58F5-4FC3-B9A4-C2ECAB839F26}"
	ProjectSection(ProjectDependencies) = postProject
		{056929FF-F5CE-44F6-97A1-9F2493E7A9CB} = {056929FF-F5CE-44F6-97A1-9F2493E7A9CB}
		{26B32CDF-4053-4C0E-8EC5-88A5F6D2AB0C} = {26B32CDF-4053-4C0E-8EC5-88A5F6D2AB0C}
		{6F7DDC0E-541A-4A52-90B7-8A4FC10B6C5B} = {6F7DDC0E-541A-4A52-90B7-8A4FC10B6C5B}
	EndProjectSection
EndProject
Project("{8BC9CEB8-8B4A-11D0-8D11-00A0C91BC942}") = "gtest", "googletest-1.13.0\googletest\gtest.vcxproj", "{55619441-9D45-4B1A-938A-BDBEA0420747}"
EndProject
Project("{8BC9CEB8-8B4A-11D0-8D11-00A0C91BC942}") = "gmock", "googletest-1.13.0\googlemock\gmock.vcxproj", "{61478B55-EE5B-416D-8547-258AD198C9A5}"
EndProject
Project("{8BC9CEB8-8B4A-11D0-8D11-00A0C91BC942}") = "logging-example2", "logging\examples\logging-example2\logging-example2.vcxproj", "{23F4E4A1-D158-4A8E-B510-82453300368B}"
	ProjectSection(ProjectDependencies) = postProject
		{056929FF-F5CE-44F6-97A1-9F2493E7A9CB} = {056929FF-F5CE-44F6-97A1-9F2493E7A9CB}
		{26B32CDF-4053-4C0E-8EC5-88A5F6D2AB0C} = {26B32CDF-4053-4C0E-8EC5-88A5F6D2AB0C}
		{6F7DDC0E-541A-4A52-90B7-8A4FC10B6C5B} = {6F7DDC0E-541A-4A52-90B7-8A4FC10B6C5B}
	EndProjectSection
EndProject
Global
	GlobalSection(SolutionConfigurationPlatforms) = preSolution
		Debug|x64 = Debug|x64
		Debug|x86 = Debug|x86
		MinSizeRel|x64 = MinSizeRel|x64
		MinSizeRel|x86 = MinSizeRel|x86
		Release|x64 = Release|x64
		Release|x86 = Release|x86
		RelWithDebInfo|x64 = RelWithDebInfo|x64
		RelWithDebInfo|x86 = RelWithDebInfo|x86
	EndGlobalSection
	GlobalSection(ProjectConfigurationPlatforms) = postSolution
		{E89016D0-8E5C-4943-9FE0-630439D03459}.Debug|x64.ActiveCfg = Debug|x64
		{E89016D0-8E5C-4943-9FE0-630439D03459}.Debug|x64.Build.0 = Debug|x64
		{E89016D0-8E5C-4943-9FE0-630439D03459}.Debug|x86.ActiveCfg = Debug|Win32
		{E89016D0-8E5C-4943-9FE0-630439D03459}.Debug|x86.Build.0 = Debug|Win32
		{E89016D0-8E5C-4943-9FE0-630439D03459}.MinSizeRel|x64.ActiveCfg = Release|x64
		{E89016D0-8E5C-4943-9FE0-630439D03459}.MinSizeRel|x64.Build.0 = Release|x64
		{E89016D0-8E5C-4943-9FE0-630439D03459}.MinSizeRel|x86.ActiveCfg = Release|Win32
		{E89016D0-8E5C-4943-9FE0-630439D03459}.MinSizeRel|x86.Build.0 = Release|Win32
		{E89016D0-8E5C-4943-9FE0-630439D03459}.Release|x64.ActiveCfg = Release|x64
		{E89016D0-8E5C-4943-9FE0-630439D03459}.Release|x64.Build.0 = Release|x64
		{E89016D0-8E5C-4943-9FE0-630439D03459}.Release|x86.ActiveCfg = Release|Win32
		{E89016D0-8E5C-4943-9FE0-630439D03459}.Release|x86.Build.0 = Release|Win32
		{E89016D0-8E5C-4943-9FE0-630439D03459}.RelWithDebInfo|x64.ActiveCfg = Release|x64
		{E89016D0-8E5C-4943-9FE0-630439D03459}.RelWithDebInfo|x64.Build.0 = Release|x64
		{E89016D0-8E5C-4943-9FE0-630439D03459}.RelWithDebInfo|x86.ActiveCfg = Release|Win32
		{E89016D0-8E5C-4943-9FE0-630439D03459}.RelWithDebInfo|x86.Build.0 = Release|Win32
		{056929FF-F5CE-44F6-97A1-9F2493E7A9CB}.Debug|x64.ActiveCfg = Debug|x64
		{056929FF-F5CE-44F6-97A1-9F2493E7A9CB}.Debug|x64.Build.0 = Debug|x64
		{056929FF-F5CE-44F6-97A1-9F2493E7A9CB}.Debug|x86.ActiveCfg = Debug|Win32
		{056929FF-F5CE-44F6-97A1-9F2493E7A9CB}.Debug|x86.Build.0 = Debug|Win32
		{056929FF-F5CE-44F6-97A1-9F2493E7A9CB}.MinSizeRel|x64.ActiveCfg = Release|x64
		{056929FF-F5CE-44F6-97A1-9F2493E7A9CB}.MinSizeRel|x64.Build.0 = Release|x64
		{056929FF-F5CE-44F6-97A1-9F2493E7A9CB}.MinSizeRel|x86.ActiveCfg = Release|Win32
		{056929FF-F5CE-44F6-97A1-9F2493E7A9CB}.MinSizeRel|x86.Build.0 = Release|Win32
		{056929FF-F5CE-44F6-97A1-9F2493E7A9CB}.Release|x64.ActiveCfg = Release|x64
		{056929FF-F5CE-44F6-97A1-9F2493E7A9CB}.Release|x64.Build.0 = Release|x64
		{056929FF-F5CE-44F6-97A1-9F2493E7A9CB}.Release|x86.ActiveCfg = Release|Win32
		{056929FF-F5CE-44F6-97A1-9F2493E7A9CB}.Release|x86.Build.0 = Release|Win32
		{056929FF-F5CE-44F6-97A1-9F2493E7A9CB}.RelWithDebInfo|x64.ActiveCfg = Release|x64
		{056929FF-F5CE-44F6-97A1-9F2493E7A9CB}.RelWithDebInfo|x64.Build.0 = Release|x64
		{056929FF-F5CE-44F6-97A1-9F2493E7A9CB}.RelWithDebInfo|x86.ActiveCfg = Release|Win32
		{056929FF-F5CE-44F6-97A1-9F2493E7A9CB}.RelWithDebInfo|x86.Build.0 = Release|Win32
		{26B32CDF-4053-4C0E-8EC5-88A5F6D2AB0C}.Debug|x64.ActiveCfg = Debug|x64
		{26B32CDF-4053-4C0E-8EC5-88A5F6D2AB0C}.Debug|x64.Build.0 = Debug|x64
		{26B32CDF-4053-4C0E-8EC5-88A5F6D2AB0C}.Debug|x86.ActiveCfg = Debug|Win32
		{26B32CDF-4053-4C0E-8EC5-88A5F6D2AB0C}.Debug|x86.Build.0 = Debug|Win32
		{26B32CDF-4053-4C0E-8EC5-88A5F6D2AB0C}.MinSizeRel|x64.ActiveCfg = Release|x64
		{26B32CDF-4053-4C0E-8EC5-88A5F6D2AB0C}.MinSizeRel|x64.Build.0 = Release|x64
		{26B32CDF-4053-4C0E-8EC5-88A5F6D2AB0C}.MinSizeRel|x86.ActiveCfg = Release|Win32
		{26B32CDF-4053-4C0E-8EC5-88A5F6D2AB0C}.MinSizeRel|x86.Build.0 = Release|Win32
		{26B32CDF-4053-4C0E-8EC5-88A5F6D2AB0C}.Release|x64.ActiveCfg = Release|x64
		{26B32CDF-4053-4C0E-8EC5-88A5F6D2AB0C}.Release|x64.Build.0 = Release|x64
		{26B32CDF-4053-4C0E-8EC5-88A5F6D2AB0C}.Release|x86.ActiveCfg = Release|Win32
		{26B32CDF-4053-4C0E-8EC5-88A5F6D2AB0C}.Release|x86.Build.0 = Release|Win32
		{26B32CDF-4053-4C0E-8EC5-88A5F6D2AB0C}.RelWithDebInfo|x64.ActiveCfg = Release|x64
		{26B32CDF-4053-4C0E-8EC5-88A5F6D2AB0C}.RelWithDebInfo|x64.Build.0 = Release|x64
		{26B32CDF-4053-4C0E-8EC5-88A5F6D2AB0C}.RelWithDebInfo|x86.ActiveCfg = Release|Win32
		{26B32CDF-4053-4C0E-8EC5-88A5F6D2AB0C}.RelWithDebInfo|x86.Build.0 = Release|Win32
		{D90058FE-A387-4B89-BDBF-54D42176AF6E}.Debug|x64.ActiveCfg = Debug|x64
		{D90058FE-A387-4B89-BDBF-54D42176AF6E}.Debug|x64.Build.0 = Debug|x64
		{D90058FE-A387-4B89-BDBF-54D42176AF6E}.Debug|x86.ActiveCfg = Debug|Win32
		{D90058FE-A387-4B89-BDBF-54D42176AF6E}.Debug|x86.Build.0 = Debug|Win32
		{D90058FE-A387-4B89-BDBF-54D42176AF6E}.MinSizeRel|x64.ActiveCfg = Release|x64
		{D90058FE-A387-4B89-BDBF-54D42176AF6E}.MinSizeRel|x64.Build.0 = Release|x64
		{D90058FE-A387-4B89-BDBF-54D42176AF6E}.MinSizeRel|x86.ActiveCfg = Release|Win32
		{D90058FE-A387-4B89-BDBF-54D42176AF6E}.MinSizeRel|x86.Build.0 = Release|Win32
		{D90058FE-A387-4B89-BDBF-54D42176AF6E}.Release|x64.ActiveCfg = Release|x64
		{D90058FE-A387-4B89-BDBF-54D42176AF6E}.Release|x64.Build.0 = Release|x64
		{D90058FE-A387-4B89-BDBF-54D42176AF6E}.Release|x86.ActiveCfg = Release|Win32
		{D90058FE-A387-4B89-BDBF-54D42176AF6E}.Release|x86.Build.0 = Release|Win32
		{D90058FE-A387-4B89-BDBF-54D42176AF6E}.RelWithDebInfo|x64.ActiveCfg = Release|x64
		{D90058FE-A387-4B89-BDBF-54D42176AF6E}.RelWithDebInfo|x64.Build.0 = Release|x64
		{D90058FE-A387-4B89-BDBF-54D42176AF6E}.RelWithDebInfo|x86.ActiveCfg = Release|Win32
		{D90058FE-A387-4B89-BDBF-54D42176AF6E}.RelWithDebInfo|x86.Build.0 = Release|Win32
		{9A3C6794-6AE5-476E-B121-21111EEF645A}.Debug|x64.ActiveCfg = Debug|x64
		{9A3C6794-6AE5-476E-B121-21111EEF645A}.Debug|x64.Build.0 = Debug|x64
		{9A3C6794-6AE5-476E-B121-21111EEF645A}.Debug|x86.ActiveCfg = Debug|Win32
		{9A3C6794-6AE5-476E-B121-21111EEF645A}.Debug|x86.Build.0 = Debug|Win32
		{9A3C6794-6AE5-476E-B121-21111EEF645A}.MinSizeRel|x64.ActiveCfg = Release|x64
		{9A3C6794-6AE5-476E-B121-21111EEF645A}.MinSizeRel|x64.Build.0 = Release|x64
		{9A3C6794-6AE5-476E-B121-21111EEF645A}.MinSizeRel|x86.ActiveCfg = Release|Win32
		{9A3C6794-6AE5-476E-B121-21111EEF645A}.MinSizeRel|x86.Build.0 = Release|Win32
		{9A3C6794-6AE5-476E-B121-21111EEF645A}.Release|x64.ActiveCfg = Release|x64
		{9A3C6794-6AE5-476E-B121-21111EEF645A}.Release|x64.Build.0 = Release|x64
		{9A3C6794-6AE5-476E-B121-21111EEF645A}.Release|x86.ActiveCfg = Release|Win32
		{9A3C6794-6AE5-476E-B121-21111EEF645A}.Release|x86.Build.0 = Release|Win32
		{9A3C6794-6AE5-476E-B121-21111EEF645A}.RelWithDebInfo|x64.ActiveCfg = Release|x64
		{9A3C6794-6AE5-476E-B121-21111EEF645A}.RelWithDebInfo|x64.Build.0 = Release|x64
		{9A3C6794-6AE5-476E-B121-21111EEF645A}.RelWithDebInfo|x86.ActiveCfg = Release|Win32
		{9A3C6794-6AE5-476E-B121-21111EEF645A}.RelWithDebInfo|x86.Build.0 = Release|Win32
		{EDC16F52-1260-4CB7-AA5C-12F346674DCA}.Debug|x64.ActiveCfg = Debug|x64
		{EDC16F52-1260-4CB7-AA5C-12F346674DCA}.Debug|x64.Build.0 = Debug|x64
		{EDC16F52-1260-4CB7-AA5C-12F346674DCA}.Debug|x86.ActiveCfg = Debug|Win32
		{EDC16F52-1260-4CB7-AA5C-12F346674DCA}.Debug|x86.Build.0 = Debug|Win32
		{EDC16F52-1260-4CB7-AA5C-12F346674DCA}.MinSizeRel|x64.ActiveCfg = Release|x64
		{EDC16F52-1260-4CB7-AA5C-12F346674DCA}.MinSizeRel|x64.Build.0 = Release|x64
		{EDC16F52-1260-4CB7-AA5C-12F346674DCA}.MinSizeRel|x86.ActiveCfg = Release|Win32
		{EDC16F52-1260-4CB7-AA5C-12F346674DCA}.MinSizeRel|x86.Build.0 = Release|Win32
		{EDC16F52-1260-4CB7-AA5C-12F346674DCA}.Release|x64.ActiveCfg = Release|x64
		{EDC16F52-1260-4CB7-AA5C-12F346674DCA}.Release|x64.Build.0 = Release|x64
		{EDC16F52-1260-4CB7-AA5C-12F346674DCA}.Release|x86.ActiveCfg = Release|Win32
		{EDC16F52-1260-4CB7-AA5C-12F346674DCA}.Release|x86.Build.0 = Release|Win32
		{EDC16F52-1260-4CB7-AA5C-12F346674DCA}.RelWithDebInfo|x64.ActiveCfg = Release|x64
		{EDC16F52-1260-4CB7-AA5C-12F346674DCA}.RelWithDebInfo|x64.Build.0 = Release|x64
		{EDC16F52-1260-4CB7-AA5C-12F346674DCA}.RelWithDebInfo|x86.ActiveCfg = Release|Win32
		{EDC16F52-1260-4CB7-AA5C-12F346674DCA}.RelWithDebInfo|x86.Build.0 = Release|Win32
		{98839C65-D382-4AE8-A685-98BB10FC36A2}.Debug|x64.ActiveCfg = Debug|x64
		{98839C65-D382-4AE8-A685-98BB10FC36A2}.Debug|x64.Build.0 = Debug|x64
		{98839C65-D382-4AE8-A685-98BB10FC36A2}.Debug|x86.ActiveCfg = Debug|Win32
		{98839C65-D382-4AE8-A685-98BB10FC36A2}.Debug|x86.Build.0 = Debug|Win32
		{98839C65-D382-4AE8-A685-98BB10FC36A2}.MinSizeRel|x64.ActiveCfg = Release|x64
		{98839C65-D382-4AE8-A685-98BB10FC36A2}.MinSizeRel|x64.Build.0 = Release|x64
		{98839C65-D382-4AE8-A685-98BB10FC36A2}.MinSizeRel|x86.ActiveCfg = Release|Win32
		{98839C65-D382-4AE8-A685-98BB10FC36A2}.MinSizeRel|x86.Build.0 = Release|Win32
		{98839C65-D382-4AE8-A685-98BB10FC36A2}.Release|x64.ActiveCfg = Release|x64
		{98839C65-D382-4AE8-A685-98BB10FC36A2}.Release|x64.Build.0 = Release|x64
		{98839C65-D382-4AE8-A685-98BB10FC36A2}.Release|x86.ActiveCfg = Release|Win32
		{98839C65-D382-4AE8-A685-98BB10FC36A2}.Release|x86.Build.0 = Release|Win32
		{98839C65-D382-4AE8-A685-98BB10FC36A2}.RelWithDebInfo|x64.ActiveCfg = Release|x64
		{98839C65-D382-4AE8-A685-98BB10FC36A2}.RelWithDebInfo|x64.Build.0 = Release|x64
		{98839C65-D382-4AE8-A685-98BB10FC36A2}.RelWithDebInfo|x86.ActiveCfg = Release|Win32
		{98839C65-D382-4AE8-A685-98BB10FC36A2}.RelWithDebInfo|x86.Build.0 = Release|Win32
		{CC9FCC6E-4F9B-4C36-B1CE-AE0A07923750}.Debug|x64.ActiveCfg = Debug|x64
		{CC9FCC6E-4F9B-4C36-B1CE-AE0A07923750}.Debug|x64.Build.0 = Debug|x64
		{CC9FCC6E-4F9B-4C36-B1CE-AE0A07923750}.Debug|x86.ActiveCfg = Debug|Win32
		{CC9FCC6E-4F9B-4C36-B1CE-AE0A07923750}.Debug|x86.Build.0 = Debug|Win32
		{CC9FCC6E-4F9B-4C36-B1CE-AE0A07923750}.MinSizeRel|x64.ActiveCfg = Release|x64
		{CC9FCC6E-4F9B-4C36-B1CE-AE0A07923750}.MinSizeRel|x64.Build.0 = Release|x64
		{CC9FCC6E-4F9B-4C36-B1CE-AE0A07923750}.MinSizeRel|x86.ActiveCfg = Release|Win32
		{CC9FCC6E-4F9B-4C36-B1CE-AE0A07923750}.MinSizeRel|x86.Build.0 = Release|Win32
		{CC9FCC6E-4F9B-4C36-B1CE-AE0A07923750}.Release|x64.ActiveCfg = Release|x64
		{CC9FCC6E-4F9B-4C36-B1CE-AE0A07923750}.Release|x64.Build.0 = Release|x64
		{CC9FCC6E-4F9B-4C36-B1CE-AE0A07923750}.Release|x86.ActiveCfg = Release|Win32
		{CC9FCC6E-4F9B-4C36-B1CE-AE0A07923750}.Release|x86.Build.0 = Release|Win32
		{CC9FCC6E-4F9B-4C36-B1CE-AE0A07923750}.RelWithDebInfo|x64.ActiveCfg = Release|x64
		{CC9FCC6E-4F9B-4C36-B1CE-AE0A07923750}.RelWithDebInfo|x64.Build.0 = Release|x64
		{CC9FCC6E-4F9B-4C36-B1CE-AE0A07923750}.RelWithDebInfo|x86.ActiveCfg = Release|Win32
		{CC9FCC6E-4F9B-4C36-B1CE-AE0A07923750}.RelWithDebInfo|x86.Build.0 = Release|Win32
		{D1DB1420-86E1-41D3-A59B-FB44646C311C}.Debug|x64.ActiveCfg = Debug|x64
		{D1DB1420-86E1-41D3-A59B-FB44646C311C}.Debug|x64.Build.0 = Debug|x64
		{D1DB1420-86E1-41D3-A59B-FB44646C311C}.Debug|x86.ActiveCfg = Debug|Win32
		{D1DB1420-86E1-41D3-A59B-FB44646C311C}.Debug|x86.Build.0 = Debug|Win32
		{D1DB1420-86E1-41D3-A59B-FB44646C311C}.MinSizeRel|x64.ActiveCfg = Release|x64
		{D1DB1420-86E1-41D3-A59B-FB44646C311C}.MinSizeRel|x64.Build.0 = Release|x64
		{D1DB1420-86E1-41D3-A59B-FB44646C311C}.MinSizeRel|x86.ActiveCfg = Release|Win32
		{D1DB1420-86E1-41D3-A59B-FB44646C311C}.MinSizeRel|x86.Build.0 = Release|Win32
		{D1DB1420-86E1-41D3-A59B-FB44646C311C}.Release|x64.ActiveCfg = Release|x64
		{D1DB1420-86E1-41D3-A59B-FB44646C311C}.Release|x64.Build.0 = Release|x64
		{D1DB1420-86E1-41D3-A59B-FB44646C311C}.Release|x86.ActiveCfg = Release|Win32
		{D1DB1420-86E1-41D3-A59B-FB44646C311C}.Release|x86.Build.0 = Release|Win32
		{D1DB1420-86E1-41D3-A59B-FB44646C311C}.RelWithDebInfo|x64.ActiveCfg = Release|x64
		{D1DB1420-86E1-41D3-A59B-FB44646C311C}.RelWithDebInfo|x64.Build.0 = Release|x64
		{D1DB1420-86E1-41D3-A59B-FB44646C311C}.RelWithDebInfo|x86.ActiveCfg = Release|Win32
		{D1DB1420-86E1-41D3-A59B-FB44646C311C}.RelWithDebInfo|x86.Build.0 = Release|Win32
		{6A271C05-6E79-46F1-90D6-70A71FDB3EF9}.Debug|x64.ActiveCfg = Debug|x64
		{6A271C05-6E79-46F1-90D6-70A71FDB3EF9}.Debug|x64.Build.0 = Debug|x64
		{6A271C05-6E79-46F1-90D6-70A71FDB3EF9}.Debug|x86.ActiveCfg = Debug|Win32
		{6A271C05-6E79-46F1-90D6-70A71FDB3EF9}.Debug|x86.Build.0 = Debug|Win32
		{6A271C05-6E79-46F1-90D6-70A71FDB3EF9}.MinSizeRel|x64.ActiveCfg = Release|x64
		{6A271C05-6E79-46F1-90D6-70A71FDB3EF9}.MinSizeRel|x64.Build.0 = Release|x64
		{6A271C05-6E79-46F1-90D6-70A71FDB3EF9}.MinSizeRel|x86.ActiveCfg = Release|Win32
		{6A271C05-6E79-46F1-90D6-70A71FDB3EF9}.MinSizeRel|x86.Build.0 = Release|Win32
		{6A271C05-6E79-46F1-90D6-70A71FDB3EF9}.Release|x64.ActiveCfg = Release|x64
		{6A271C05-6E79-46F1-90D6-70A71FDB3EF9}.Release|x64.Build.0 = Release|x64
		{6A271C05-6E79-46F1-90D6-70A71FDB3EF9}.Release|x86.ActiveCfg = Release|Win32
		{6A271C05-6E79-46F1-90D6-70A71FDB3EF9}.Release|x86.Build.0 = Release|Win32
		{6A271C05-6E79-46F1-90D6-70A71FDB3EF9}.RelWithDebInfo|x64.ActiveCfg = Release|x64
		{6A271C05-6E79-46F1-90D6-70A71FDB3EF9}.RelWithDebInfo|x64.Build.0 = Release|x64
		{6A271C05-6E79-46F1-90D6-70A71FDB3EF9}.RelWithDebInfo|x86.ActiveCfg = Release|Win32
		{6A271C05-6E79-46F1-90D6-70A71FDB3EF9}.RelWithDebInfo|x86.Build.0 = Release|Win32
		{6F7DDC0E-541A-4A52-90B7-8A4FC10B6C5B}.Debug|x64.ActiveCfg = Debug|x64
		{6F7DDC0E-541A-4A52-90B7-8A4FC10B6C5B}.Debug|x64.Build.0 = Debug|x64
		{6F7DDC0E-541A-4A52-90B7-8A4FC10B6C5B}.Debug|x86.ActiveCfg = Debug|Win32
		{6F7DDC0E-541A-4A52-90B7-8A4FC10B6C5B}.Debug|x86.Build.0 = Debug|Win32
		{6F7DDC0E-541A-4A52-90B7-8A4FC10B6C5B}.MinSizeRel|x64.ActiveCfg = Release|x64
		{6F7DDC0E-541A-4A52-90B7-8A4FC10B6C5B}.MinSizeRel|x64.Build.0 = Release|x64
		{6F7DDC0E-541A-4A52-90B7-8A4FC10B6C5B}.MinSizeRel|x86.ActiveCfg = Release|Win32
		{6F7DDC0E-541A-4A52-90B7-8A4FC10B6C5B}.MinSizeRel|x86.Build.0 = Release|Win32
		{6F7DDC0E-541A-4A52-90B7-8A4FC10B6C5B}.Release|x64.ActiveCfg = Release|x64
		{6F7DDC0E-541A-4A52-90B7-8A4FC10B6C5B}.Release|x64.Build.0 = Release|x64
		{6F7DDC0E-541A-4A52-90B7-8A4FC10B6C5B}.Release|x86.ActiveCfg = Release|Win32
		{6F7DDC0E-541A-4A52-90B7-8A4FC10B6C5B}.Release|x86.Build.0 = Release|Win32
		{6F7DDC0E-541A-4A52-90B7-8A4FC10B6C5B}.RelWithDebInfo|x64.ActiveCfg = Release|x64
		{6F7DDC0E-541A-4A52-90B7-8A4FC10B6C5B}.RelWithDebInfo|x64.Build.0 = Release|x64
		{6F7DDC0E-541A-4A52-90B7-8A4FC10B6C5B}.RelWithDebInfo|x86.ActiveCfg = Release|Win32
		{6F7DDC0E-541A-4A52-90B7-8A4FC10B6C5B}.RelWithDebInfo|x86.Build.0 = Release|Win32
		{70A7AE0B-D376-42C3-A498-3CEB3C64EB5F}.Debug|x64.ActiveCfg = Debug|x64
		{70A7AE0B-D376-42C3-A498-3CEB3C64EB5F}.Debug|x64.Build.0 = Debug|x64
		{70A7AE0B-D376-42C3-A498-3CEB3C64EB5F}.Debug|x86.ActiveCfg = Debug|Win32
		{70A7AE0B-D376-42C3-A498-3CEB3C64EB5F}.Debug|x86.Build.0 = Debug|Win32
		{70A7AE0B-D376-42C3-A498-3CEB3C64EB5F}.MinSizeRel|x64.ActiveCfg = Release|x64
		{70A7AE0B-D376-42C3-A498-3CEB3C64EB5F}.MinSizeRel|x64.Build.0 = Release|x64
		{70A7AE0B-D376-42C3-A498-3CEB3C64EB5F}.MinSizeRel|x86.ActiveCfg = Release|Win32
		{70A7AE0B-D376-42C3-A498-3CEB3C64EB5F}.MinSizeRel|x86.Build.0 = Release|Win32
		{70A7AE0B-D376-42C3-A498-3CEB3C64EB5F}.Release|x64.ActiveCfg = Release|x64
		{70A7AE0B-D376-42C3-A498-3CEB3C64EB5F}.Release|x64.Build.0 = Release|x64
		{70A7AE0B-D376-42C3-A498-3CEB3C64EB5F}.Release|x86.ActiveCfg = Release|Win32
		{70A7AE0B-D376-42C3-A498-3CEB3C64EB5F}.Release|x86.Build.0 = Release|Win32
		{70A7AE0B-D376-42C3-A498-3CEB3C64EB5F}.RelWithDebInfo|x64.ActiveCfg = Release|x64
		{70A7AE0B-D376-42C3-A498-3CEB3C64EB5F}.RelWithDebInfo|x64.Build.0 = Release|x64
		{70A7AE0B-D376-42C3-A498-3CEB3C64EB5F}.RelWithDebInfo|x86.ActiveCfg = Release|Win32
		{70A7AE0B-D376-42C3-A498-3CEB3C64EB5F}.RelWithDebInfo|x86.Build.0 = Release|Win32
		{9100FB92-2660-4F0B-AFA2-46EF5AF8C80A}.Debug|x64.ActiveCfg = Debug|x64
		{9100FB92-2660-4F0B-AFA2-46EF5AF8C80A}.Debug|x64.Build.0 = Debug|x64
		{9100FB92-2660-4F0B-AFA2-46EF5AF8C80A}.Debug|x86.ActiveCfg = Debug|Win32
		{9100FB92-2660-4F0B-AFA2-46EF5AF8C80A}.Debug|x86.Build.0 = Debug|Win32
		{9100FB92-2660-4F0B-AFA2-46EF5AF8C80A}.MinSizeRel|x64.ActiveCfg = Release|x64
		{9100FB92-2660-4F0B-AFA2-46EF5AF8C80A}.MinSizeRel|x64.Build.0 = Release|x64
		{9100FB92-2660-4F0B-AFA2-46EF5AF8C80A}.MinSizeRel|x86.ActiveCfg = Release|Win32
		{9100FB92-2660-4F0B-AFA2-46EF5AF8C80A}.MinSizeRel|x86.Build.0 = Release|Win32
		{9100FB92-2660-4F0B-AFA2-46EF5AF8C80A}.Release|x64.ActiveCfg = Release|x64
		{9100FB92-2660-4F0B-AFA2-46EF5AF8C80A}.Release|x64.Build.0 = Release|x64
		{9100FB92-2660-4F0B-AFA2-46EF5AF8C80A}.Release|x86.ActiveCfg = Release|Win32
		{9100FB92-2660-4F0B-AFA2-46EF5AF8C80A}.Release|x86.Build.0 = Release|Win32
		{9100FB92-2660-4F0B-AFA2-46EF5AF8C80A}.RelWithDebInfo|x64.ActiveCfg = Release|x64
		{9100FB92-2660-4F0B-AFA2-46EF5AF8C80A}.RelWithDebInfo|x64.Build.0 = Release|x64
		{9100FB92-2660-4F0B-AFA2-46EF5AF8C80A}.RelWithDebInfo|x86.ActiveCfg = Release|Win32
		{9100FB92-2660-4F0B-AFA2-46EF5AF8C80A}.RelWithDebInfo|x86.Build.0 = Release|Win32
		{59104300-215D-4D30-9700-AC9561F38407}.Debug|x64.ActiveCfg = Debug|x64
		{59104300-215D-4D30-9700-AC9561F38407}.Debug|x64.Build.0 = Debug|x64
		{59104300-215D-4D30-9700-AC9561F38407}.Debug|x86.ActiveCfg = Debug|Win32
		{59104300-215D-4D30-9700-AC9561F38407}.Debug|x86.Build.0 = Debug|Win32
		{59104300-215D-4D30-9700-AC9561F38407}.MinSizeRel|x64.ActiveCfg = Release|x64
		{59104300-215D-4D30-9700-AC9561F38407}.MinSizeRel|x64.Build.0 = Release|x64
		{59104300-215D-4D30-9700-AC9561F38407}.MinSizeRel|x86.ActiveCfg = Release|Win32
		{59104300-215D-4D30-9700-AC9561F38407}.MinSizeRel|x86.Build.0 = Release|Win32
		{59104300-215D-4D30-9700-AC9561F38407}.Release|x64.ActiveCfg = Release|x64
		{59104300-215D-4D30-9700-AC9561F38407}.Release|x64.Build.0 = Release|x64
		{59104300-215D-4D30-9700-AC9561F38407}.Release|x86.ActiveCfg = Release|Win32
		{59104300-215D-4D30-9700-AC9561F38407}.Release|x86.Build.0 = Release|Win32
		{59104300-215D-4D30-9700-AC9561F38407}.RelWithDebInfo|x64.ActiveCfg = Release|x64
		{59104300-215D-4D30-9700-AC9561F38407}.RelWithDebInfo|x64.Build.0 = Release|x64
		{59104300-215D-4D30-9700-AC9561F38407}.RelWithDebInfo|x86.ActiveCfg = Release|Win32
		{59104300-215D-4D30-9700-AC9561F38407}.RelWithDebInfo|x86.Build.0 = Release|Win32
		{5AE76ECA-77F1-4D94-AB3B-CA570099A9A5}.Debug|x64.ActiveCfg = Debug|x64
		{5AE76ECA-77F1-4D94-AB3B-CA570099A9A5}.Debug|x64.Build.0 = Debug|x64
		{5AE76ECA-77F1-4D94-AB3B-CA570099A9A5}.Debug|x86.ActiveCfg = Debug|Win32
		{5AE76ECA-77F1-4D94-AB3B-CA570099A9A5}.Debug|x86.Build.0 = Debug|Win32
		{5AE76ECA-77F1-4D94-AB3B-CA570099A9A5}.MinSizeRel|x64.ActiveCfg = Release|x64
		{5AE76ECA-77F1-4D94-AB3B-CA570099A9A5}.MinSizeRel|x64.Build.0 = Release|x64
		{5AE76ECA-77F1-4D94-AB3B-CA570099A9A5}.MinSizeRel|x86.ActiveCfg = Release|Win32
		{5AE76ECA-77F1-4D94-AB3B-CA570099A9A5}.MinSizeRel|x86.Build.0 = Release|Win32
		{5AE76ECA-77F1-4D94-AB3B-CA570099A9A5}.Release|x64.ActiveCfg = Release|x64
		{5AE76ECA-77F1-4D94-AB3B-CA570099A9A5}.Release|x64.Build.0 = Release|x64
		{5AE76ECA-77F1-4D94-AB3B-CA570099A9A5}.Release|x86.ActiveCfg = Release|Win32
		{5AE76ECA-77F1-4D94-AB3B-CA570099A9A5}.Release|x86.Build.0 = Release|Win32
		{5AE76ECA-77F1-4D94-AB3B-CA570099A9A5}.RelWithDebInfo|x64.ActiveCfg = Release|x64
		{5AE76ECA-77F1-4D94-AB3B-CA570099A9A5}.RelWithDebInfo|x64.Build.0 = Release|x64
		{5AE76ECA-77F1-4D94-AB3B-CA570099A9A5}.RelWithDebInfo|x86.ActiveCfg = Release|Win32
		{5AE76ECA-77F1-4D94-AB3B-CA570099A9A5}.RelWithDebInfo|x86.Build.0 = Release|Win32
		{E0F0AB7A-D47B-46C4-9C99-262205D017D7}.Debug|x64.ActiveCfg = Debug|x64
		{E0F0AB7A-D47B-46C4-9C99-262205D017D7}.Debug|x64.Build.0 = Debug|x64
		{E0F0AB7A-D47B-46C4-9C99-262205D017D7}.Debug|x86.ActiveCfg = Debug|Win32
		{E0F0AB7A-D47B-46C4-9C99-262205D017D7}.Debug|x86.Build.0 = Debug|Win32
		{E0F0AB7A-D47B-46C4-9C99-262205D017D7}.MinSizeRel|x64.ActiveCfg = Release|x64
		{E0F0AB7A-D47B-46C4-9C99-262205D017D7}.MinSizeRel|x64.Build.0 = Release|x64
		{E0F0AB7A-D47B-46C4-9C99-262205D017D7}.MinSizeRel|x86.ActiveCfg = Release|Win32
		{E0F0AB7A-D47B-46C4-9C99-262205D017D7}.MinSizeRel|x86.Build.0 = Release|Win32
		{E0F0AB7A-D47B-46C4-9C99-262205D017D7}.Release|x64.ActiveCfg = Release|x64
		{E0F0AB7A-D47B-46C4-9C99-262205D017D7}.Release|x64.Build.0 = Release|x64
		{E0F0AB7A-D47B-46C4-9C99-262205D017D7}.Release|x86.ActiveCfg = Release|Win32
		{E0F0AB7A-D47B-46C4-9C99-262205D017D7}.Release|x86.Build.0 = Release|Win32
		{E0F0AB7A-D47B-46C4-9C99-262205D017D7}.RelWithDebInfo|x64.ActiveCfg = Release|x64
		{E0F0AB7A-D47B-46C4-9C99-262205D017D7}.RelWithDebInfo|x64.Build.0 = Release|x64
		{E0F0AB7A-D47B-46C4-9C99-262205D017D7}.RelWithDebInfo|x86.ActiveCfg = Release|Win32
		{E0F0AB7A-D47B-46C4-9C99-262205D017D7}.RelWithDebInfo|x86.Build.0 = Release|Win32
		{CEB2F17D-6561-4018-B46A-7EAF3F1E0E99}.Debug|x64.ActiveCfg = Debug|x64
		{CEB2F17D-6561-4018-B46A-7EAF3F1E0E99}.Debug|x64.Build.0 = Debug|x64
		{CEB2F17D-6561-4018-B46A-7EAF3F1E0E99}.Debug|x86.ActiveCfg = Debug|Win32
		{CEB2F17D-6561-4018-B46A-7EAF3F1E0E99}.Debug|x86.Build.0 = Debug|Win32
		{CEB2F17D-6561-4018-B46A-7EAF3F1E0E99}.MinSizeRel|x64.ActiveCfg = Release|x64
		{CEB2F17D-6561-4018-B46A-7EAF3F1E0E99}.MinSizeRel|x64.Build.0 = Release|x64
		{CEB2F17D-6561-4018-B46A-7EAF3F1E0E99}.MinSizeRel|x86.ActiveCfg = Release|Win32
		{CEB2F17D-6561-4018-B46A-7EAF3F1E0E99}.MinSizeRel|x86.Build.0 = Release|Win32
		{CEB2F17D-6561-4018-B46A-7EAF3F1E0E99}.Release|x64.ActiveCfg = Release|x64
		{CEB2F17D-6561-4018-B46A-7EAF3F1E0E99}.Release|x64.Build.0 = Release|x64
		{CEB2F17D-6561-4018-B46A-7EAF3F1E0E99}.Release|x86.ActiveCfg = Release|Win32
		{CEB2F17D-6561-4018-B46A-7EAF3F1E0E99}.Release|x86.Build.0 = Release|Win32
		{CEB2F17D-6561-4018-B46A-7EAF3F1E0E99}.RelWithDebInfo|x64.ActiveCfg = Release|x64
		{CEB2F17D-6561-4018-B46A-7EAF3F1E0E99}.RelWithDebInfo|x64.Build.0 = Release|x64
		{CEB2F17D-6561-4018-B46A-7EAF3F1E0E99}.RelWithDebInfo|x86.ActiveCfg = Release|Win32
		{CEB2F17D-6561-4018-B46A-7EAF3F1E0E99}.RelWithDebInfo|x86.Build.0 = Release|Win32
		{BEE7CEEE-7A0C-44A4-9D07-01B7D127D341}.Debug|x64.ActiveCfg = Debug|x64
		{BEE7CEEE-7A0C-44A4-9D07-01B7D127D341}.Debug|x64.Build.0 = Debug|x64
		{BEE7CEEE-7A0C-44A4-9D07-01B7D127D341}.Debug|x86.ActiveCfg = Debug|Win32
		{BEE7CEEE-7A0C-44A4-9D07-01B7D127D341}.Debug|x86.Build.0 = Debug|Win32
		{BEE7CEEE-7A0C-44A4-9D07-01B7D127D341}.MinSizeRel|x64.ActiveCfg = Release|x64
		{BEE7CEEE-7A0C-44A4-9D07-01B7D127D341}.MinSizeRel|x64.Build.0 = Release|x64
		{BEE7CEEE-7A0C-44A4-9D07-01B7D127D341}.MinSizeRel|x86.ActiveCfg = Release|Win32
		{BEE7CEEE-7A0C-44A4-9D07-01B7D127D341}.MinSizeRel|x86.Build.0 = Release|Win32
		{BEE7CEEE-7A0C-44A4-9D07-01B7D127D341}.Release|x64.ActiveCfg = Release|x64
		{BEE7CEEE-7A0C-44A4-9D07-01B7D127D341}.Release|x64.Build.0 = Release|x64
		{BEE7CEEE-7A0C-44A4-9D07-01B7D127D341}.Release|x86.ActiveCfg = Release|Win32
		{BEE7CEEE-7A0C-44A4-9D07-01B7D127D341}.Release|x86.Build.0 = Release|Win32
		{BEE7CEEE-7A0C-44A4-9D07-01B7D127D341}.RelWithDebInfo|x64.ActiveCfg = Release|x64
		{BEE7CEEE-7A0C-44A4-9D07-01B7D127D341}.RelWithDebInfo|x64.Build.0 = Release|x64
		{BEE7CEEE-7A0C-44A4-9D07-01B7D127D341}.RelWithDebInfo|x86.ActiveCfg = Release|Win32
		{BEE7CEEE-7A0C-44A4-9D07-01B7D127D341}.RelWithDebInfo|x86.Build.0 = Release|Win32
		{3456BBF3-34D6-400D-B48B-5F5E081F69ED}.Debug|x64.ActiveCfg = Debug|x64
		{3456BBF3-34D6-400D-B48B-5F5E081F69ED}.Debug|x64.Build.0 = Debug|x64
		{3456BBF3-34D6-400D-B48B-5F5E081F69ED}.Debug|x86.ActiveCfg = Debug|Win32
		{3456BBF3-34D6-400D-B48B-5F5E081F69ED}.Debug|x86.Build.0 = Debug|Win32
		{3456BBF3-34D6-400D-B48B-5F5E081F69ED}.MinSizeRel|x64.ActiveCfg = Release|x64
		{3456BBF3-34D6-400D-B48B-5F5E081F69ED}.MinSizeRel|x64.Build.0 = Release|x64
		{3456BBF3-34D6-400D-B48B-5F5E081F69ED}.MinSizeRel|x86.ActiveCfg = Release|Win32
		{3456BBF3-34D6-400D-B48B-5F5E081F69ED}.MinSizeRel|x86.Build.0 = Release|Win32
		{3456BBF3-34D6-400D-B48B-5F5E081F69ED}.Release|x64.ActiveCfg = Release|x64
		{3456BBF3-34D6-400D-B48B-5F5E081F69ED}.Release|x64.Build.0 = Release|x64
		{3456BBF3-34D6-400D-B48B-5F5E081F69ED}.Release|x86.ActiveCfg = Release|Win32
		{3456BBF3-34D6-400D-B48B-5F5E081F69ED}.Release|x86.Build.0 = Release|Win32
		{3456BBF3-34D6-400D-B48B-5F5E081F69ED}.RelWithDebInfo|x64.ActiveCfg = Release|x64
		{3456BBF3-34D6-400D-B48B-5F5E081F69ED}.RelWithDebInfo|x64.Build.0 = Release|x64
		{3456BBF3-34D6-400D-B48B-5F5E081F69ED}.RelWithDebInfo|x86.ActiveCfg = Release|Win32
		{3456BBF3-34D6-400D-B48B-5F5E081F69ED}.RelWithDebInfo|x86.Build.0 = Release|Win32
		{27DDD63B-CD66-4039-A109-25DD661775F3}.Debug|x64.ActiveCfg = Debug|x64
		{27DDD63B-CD66-4039-A109-25DD661775F3}.Debug|x64.Build.0 = Debug|x64
		{27DDD63B-CD66-4039-A109-25DD661775F3}.Debug|x86.ActiveCfg = Debug|Win32
		{27DDD63B-CD66-4039-A109-25DD661775F3}.Debug|x86.Build.0 = Debug|Win32
		{27DDD63B-CD66-4039-A109-25DD661775F3}.MinSizeRel|x64.ActiveCfg = Release|x64
		{27DDD63B-CD66-4039-A109-25DD661775F3}.MinSizeRel|x64.Build.0 = Release|x64
		{27DDD63B-CD66-4039-A109-25DD661775F3}.MinSizeRel|x86.ActiveCfg = Release|Win32
		{27DDD63B-CD66-4039-A109-25DD661775F3}.MinSizeRel|x86.Build.0 = Release|Win32
		{27DDD63B-CD66-4039-A109-25DD661775F3}.Release|x64.ActiveCfg = Release|x64
		{27DDD63B-CD66-4039-A109-25DD661775F3}.Release|x64.Build.0 = Release|x64
		{27DDD63B-CD66-4039-A109-25DD661775F3}.Release|x86.ActiveCfg = Release|Win32
		{27DDD63B-CD66-4039-A109-25DD661775F3}.Release|x86.Build.0 = Release|Win32
		{27DDD63B-CD66-4039-A109-25DD661775F3}.RelWithDebInfo|x64.ActiveCfg = Release|x64
		{27DDD63B-CD66-4039-A109-25DD661775F3}.RelWithDebInfo|x64.Build.0 = Release|x64
		{27DDD63B-CD66-4039-A109-25DD661775F3}.RelWithDebInfo|x86.ActiveCfg = Release|Win32
		{27DDD63B-CD66-4039-A109-25DD661775F3}.RelWithDebInfo|x86.Build.0 = Release|Win32
		{43E42C1D-CD7F-4B18-8980-DDE662435167}.Debug|x64.ActiveCfg = Debug|x64
		{43E42C1D-CD7F-4B18-8980-DDE662435167}.Debug|x64.Build.0 = Debug|x64
		{43E42C1D-CD7F-4B18-8980-DDE662435167}.Debug|x86.ActiveCfg = Debug|Win32
		{43E42C1D-CD7F-4B18-8980-DDE662435167}.Debug|x86.Build.0 = Debug|Win32
		{43E42C1D-CD7F-4B18-8980-DDE662435167}.MinSizeRel|x64.ActiveCfg = Release|x64
		{43E42C1D-CD7F-4B18-8980-DDE662435167}.MinSizeRel|x64.Build.0 = Release|x64
		{43E42C1D-CD7F-4B18-8980-DDE662435167}.MinSizeRel|x86.ActiveCfg = Release|Win32
		{43E42C1D-CD7F-4B18-8980-DDE662435167}.MinSizeRel|x86.Build.0 = Release|Win32
		{43E42C1D-CD7F-4B18-8980-DDE662435167}.Release|x64.ActiveCfg = Release|x64
		{43E42C1D-CD7F-4B18-8980-DDE662435167}.Release|x64.Build.0 = Release|x64
		{43E42C1D-CD7F-4B18-8980-DDE662435167}.Release|x86.ActiveCfg = Release|Win32
		{43E42C1D-CD7F-4B18-8980-DDE662435167}.Release|x86.Build.0 = Release|Win32
		{43E42C1D-CD7F-4B18-8980-DDE662435167}.RelWithDebInfo|x64.ActiveCfg = Release|x64
		{43E42C1D-CD7F-4B18-8980-DDE662435167}.RelWithDebInfo|x64.Build.0 = Release|x64
		{43E42C1D-CD7F-4B18-8980-DDE662435167}.RelWithDebInfo|x86.ActiveCfg = Release|Win32
		{43E42C1D-CD7F-4B18-8980-DDE662435167}.RelWithDebInfo|x86.Build.0 = Release|Win32
		{7608E412-5B67-4326-BE3C-AB8467EFDC2C}.Debug|x64.ActiveCfg = Debug|x64
		{7608E412-5B67-4326-BE3C-AB8467EFDC2C}.Debug|x64.Build.0 = Debug|x64
		{7608E412-5B67-4326-BE3C-AB8467EFDC2C}.Debug|x86.ActiveCfg = Debug|Win32
		{7608E412-5B67-4326-BE3C-AB8467EFDC2C}.Debug|x86.Build.0 = Debug|Win32
		{7608E412-5B67-4326-BE3C-AB8467EFDC2C}.MinSizeRel|x64.ActiveCfg = Release|x64
		{7608E412-5B67-4326-BE3C-AB8467EFDC2C}.MinSizeRel|x64.Build.0 = Release|x64
		{7608E412-5B67-4326-BE3C-AB8467EFDC2C}.MinSizeRel|x86.ActiveCfg = Release|Win32
		{7608E412-5B67-4326-BE3C-AB8467EFDC2C}.MinSizeRel|x86.Build.0 = Release|Win32
		{7608E412-5B67-4326-BE3C-AB8467EFDC2C}.Release|x64.ActiveCfg = Release|x64
		{7608E412-5B67-4326-BE3C-AB8467EFDC2C}.Release|x64.Build.0 = Release|x64
		{7608E412-5B67-4326-BE3C-AB8467EFDC2C}.Release|x86.ActiveCfg = Release|Win32
		{7608E412-5B67-4326-BE3C-AB8467EFDC2C}.Release|x86.Build.0 = Release|Win32
		{7608E412-5B67-4326-BE3C-AB8467EFDC2C}.RelWithDebInfo|x64.ActiveCfg = Release|x64
		{7608E412-5B67-4326-BE3C-AB8467EFDC2C}.RelWithDebInfo|x64.Build.0 = Release|x64
		{7608E412-5B67-4326-BE3C-AB8467EFDC2C}.RelWithDebInfo|x86.ActiveCfg = Release|Win32
		{7608E412-5B67-4326-BE3C-AB8467EFDC2C}.RelWithDebInfo|x86.Build.0 = Release|Win32
		{D46379D6-6127-441C-9864-E05AFAD82B81}.Debug|x64.ActiveCfg = Debug|x64
		{D46379D6-6127-441C-9864-E05AFAD82B81}.Debug|x64.Build.0 = Debug|x64
		{D46379D6-6127-441C-9864-E05AFAD82B81}.Debug|x86.ActiveCfg = Debug|Win32
		{D46379D6-6127-441C-9864-E05AFAD82B81}.Debug|x86.Build.0 = Debug|Win32
		{D46379D6-6127-441C-9864-E05AFAD82B81}.MinSizeRel|x64.ActiveCfg = Release|x64
		{D46379D6-6127-441C-9864-E05AFAD82B81}.MinSizeRel|x64.Build.0 = Release|x64
		{D46379D6-6127-441C-9864-E05AFAD82B81}.MinSizeRel|x86.ActiveCfg = Release|Win32
		{D46379D6-6127-441C-9864-E05AFAD82B81}.MinSizeRel|x86.Build.0 = Release|Win32
		{D46379D6-6127-441C-9864-E05AFAD82B81}.Release|x64.ActiveCfg = Release|x64
		{D46379D6-6127-441C-9864-E05AFAD82B81}.Release|x64.Build.0 = Release|x64
		{D46379D6-6127-441C-9864-E05AFAD82B81}.Release|x86.ActiveCfg = Release|Win32
		{D46379D6-6127-441C-9864-E05AFAD82B81}.Release|x86.Build.0 = Release|Win32
		{D46379D6-6127-441C-9864-E05AFAD82B81}.RelWithDebInfo|x64.ActiveCfg = Release|x64
		{D46379D6-6127-441C-9864-E05AFAD82B81}.RelWithDebInfo|x64.Build.0 = Release|x64
		{D46379D6-6127-441C-9864-E05AFAD82B81}.RelWithDebInfo|x86.ActiveCfg = Release|Win32
		{D46379D6-6127-441C-9864-E05AFAD82B81}.RelWithDebInfo|x86.Build.0 = Release|Win32
		{8F5F2681-3052-407D-9865-F495B261FB44}.Debug|x64.ActiveCfg = Debug|x64
		{8F5F2681-3052-407D-9865-F495B261FB44}.Debug|x64.Build.0 = Debug|x64
		{8F5F2681-3052-407D-9865-F495B261FB44}.Debug|x86.ActiveCfg = Debug|Win32
		{8F5F2681-3052-407D-9865-F495B261FB44}.Debug|x86.Build.0 = Debug|Win32
		{8F5F2681-3052-407D-9865-F495B261FB44}.MinSizeRel|x64.ActiveCfg = Release|x64
		{8F5F2681-3052-407D-9865-F495B261FB44}.MinSizeRel|x64.Build.0 = Release|x64
		{8F5F2681-3052-407D-9865-F495B261FB44}.MinSizeRel|x86.ActiveCfg = Release|Win32
		{8F5F2681-3052-407D-9865-F495B261FB44}.MinSizeRel|x86.Build.0 = Release|Win32
		{8F5F2681-3052-407D-9865-F495B261FB44}.Release|x64.ActiveCfg = Release|x64
		{8F5F2681-3052-407D-9865-F495B261FB44}.Release|x64.Build.0 = Release|x64
		{8F5F2681-3052-407D-9865-F495B261FB44}.Release|x86.ActiveCfg = Release|Win32
		{8F5F2681-3052-407D-9865-F495B261FB44}.Release|x86.Build.0 = Release|Win32
		{8F5F2681-3052-407D-9865-F495B261FB44}.RelWithDebInfo|x64.ActiveCfg = Release|x64
		{8F5F2681-3052-407D-9865-F495B261FB44}.RelWithDebInfo|x64.Build.0 = Release|x64
		{8F5F2681-3052-407D-9865-F495B261FB44}.RelWithDebInfo|x86.ActiveCfg = Release|Win32
		{8F5F2681-3052-407D-9865-F495B261FB44}.RelWithDebInfo|x86.Build.0 = Release|Win32
		{287E2A23-E84F-474B-9B8A-69FA79D1E9F1}.Debug|x64.ActiveCfg = Debug|x64
		{287E2A23-E84F-474B-9B8A-69FA79D1E9F1}.Debug|x64.Build.0 = Debug|x64
		{287E2A23-E84F-474B-9B8A-69FA79D1E9F1}.Debug|x86.ActiveCfg = Debug|Win32
		{287E2A23-E84F-474B-9B8A-69FA79D1E9F1}.Debug|x86.Build.0 = Debug|Win32
		{287E2A23-E84F-474B-9B8A-69FA79D1E9F1}.MinSizeRel|x64.ActiveCfg = Release|x64
		{287E2A23-E84F-474B-9B8A-69FA79D1E9F1}.MinSizeRel|x64.Build.0 = Release|x64
		{287E2A23-E84F-474B-9B8A-69FA79D1E9F1}.MinSizeRel|x86.ActiveCfg = Release|Win32
		{287E2A23-E84F-474B-9B8A-69FA79D1E9F1}.MinSizeRel|x86.Build.0 = Release|Win32
		{287E2A23-E84F-474B-9B8A-69FA79D1E9F1}.Release|x64.ActiveCfg = Release|x64
		{287E2A23-E84F-474B-9B8A-69FA79D1E9F1}.Release|x64.Build.0 = Release|x64
		{287E2A23-E84F-474B-9B8A-69FA79D1E9F1}.Release|x86.ActiveCfg = Release|Win32
		{287E2A23-E84F-474B-9B8A-69FA79D1E9F1}.Release|x86.Build.0 = Release|Win32
		{287E2A23-E84F-474B-9B8A-69FA79D1E9F1}.RelWithDebInfo|x64.ActiveCfg = Release|x64
		{287E2A23-E84F-474B-9B8A-69FA79D1E9F1}.RelWithDebInfo|x64.Build.0 = Release|x64
		{287E2A23-E84F-474B-9B8A-69FA79D1E9F1}.RelWithDebInfo|x86.ActiveCfg = Release|Win32
		{287E2A23-E84F-474B-9B8A-69FA79D1E9F1}.RelWithDebInfo|x86.Build.0 = Release|Win32
		{55AC1806-B859-452E-9348-BCE58C1CA50B}.Debug|x64.ActiveCfg = Debug|x64
		{55AC1806-B859-452E-9348-BCE58C1CA50B}.Debug|x64.Build.0 = Debug|x64
		{55AC1806-B859-452E-9348-BCE58C1CA50B}.Debug|x86.ActiveCfg = Debug|Win32
		{55AC1806-B859-452E-9348-BCE58C1CA50B}.Debug|x86.Build.0 = Debug|Win32
		{55AC1806-B859-452E-9348-BCE58C1CA50B}.MinSizeRel|x64.ActiveCfg = Release|x64
		{55AC1806-B859-452E-9348-BCE58C1CA50B}.MinSizeRel|x64.Build.0 = Release|x64
		{55AC1806-B859-452E-9348-BCE58C1CA50B}.MinSizeRel|x86.ActiveCfg = Release|Win32
		{55AC1806-B859-452E-9348-BCE58C1CA50B}.MinSizeRel|x86.Build.0 = Release|Win32
		{55AC1806-B859-452E-9348-BCE58C1CA50B}.Release|x64.ActiveCfg = Release|x64
		{55AC1806-B859-452E-9348-BCE58C1CA50B}.Release|x64.Build.0 = Release|x64
		{55AC1806-B859-452E-9348-BCE58C1CA50B}.Release|x86.ActiveCfg = Release|Win32
		{55AC1806-B859-452E-9348-BCE58C1CA50B}.Release|x86.Build.0 = Release|Win32
		{55AC1806-B859-452E-9348-BCE58C1CA50B}.RelWithDebInfo|x64.ActiveCfg = Release|x64
		{55AC1806-B859-452E-9348-BCE58C1CA50B}.RelWithDebInfo|x64.Build.0 = Release|x64
		{55AC1806-B859-452E-9348-BCE58C1CA50B}.RelWithDebInfo|x86.ActiveCfg = Release|Win32
		{55AC1806-B859-452E-9348-BCE58C1CA50B}.RelWithDebInfo|x86.Build.0 = Release|Win32
		{A4CADDF0-58F5-4FC3-B9A4-C2ECAB839F26}.Debug|x64.ActiveCfg = Debug|x64
		{A4CADDF0-58F5-4FC3-B9A4-C2ECAB839F26}.Debug|x64.Build.0 = Debug|x64
		{A4CADDF0-58F5-4FC3-B9A4-C2ECAB839F26}.Debug|x86.ActiveCfg = Debug|Win32
		{A4CADDF0-58F5-4FC3-B9A4-C2ECAB839F26}.Debug|x86.Build.0 = Debug|Win32
		{A4CADDF0-58F5-4FC3-B9A4-C2ECAB839F26}.MinSizeRel|x64.ActiveCfg = Release|x64
		{A4CADDF0-58F5-4FC3-B9A4-C2ECAB839F26}.MinSizeRel|x64.Build.0 = Release|x64
		{A4CADDF0-58F5-4FC3-B9A4-C2ECAB839F26}.MinSizeRel|x86.ActiveCfg = Release|Win32
		{A4CADDF0-58F5-4FC3-B9A4-C2ECAB839F26}.MinSizeRel|x86.Build.0 = Release|Win32
		{A4CADDF0-58F5-4FC3-B9A4-C2ECAB839F26}.Release|x64.ActiveCfg = Release|x64
		{A4CADDF0-58F5-4FC3-B9A4-C2ECAB839F26}.Release|x64.Build.0 = Release|x64
		{A4CADDF0-58F5-4FC3-B9A4-C2ECAB839F26}.Release|x86.ActiveCfg = Release|Win32
		{A4CADDF0-58F5-4FC3-B9A4-C2ECAB839F26}.Release|x86.Build.0 = Release|Win32
		{A4CADDF0-58F5-4FC3-B9A4-C2ECAB839F26}.RelWithDebInfo|x64.ActiveCfg = Release|x64
		{A4CADDF0-58F5-4FC3-B9A4-C2ECAB839F26}.RelWithDebInfo|x64.Build.0 = Release|x64
		{A4CADDF0-58F5-4FC3-B9A4-C2ECAB839F26}.RelWithDebInfo|x86.ActiveCfg = Release|Win32
		{A4CADDF0-58F5-4FC3-B9A4-C2ECAB839F26}.RelWithDebInfo|x86.Build.0 = Release|Win32
		{55619441-9D45-4B1A-938A-BDBEA0420747}.Debug|x64.ActiveCfg = Debug|x64
		{55619441-9D45-4B1A-938A-BDBEA0420747}.Debug|x64.Build.0 = Debug|x64
		{55619441-9D45-4B1A-938A-BDBEA0420747}.Debug|x86.ActiveCfg = Debug|Win32
		{55619441-9D45-4B1A-938A-BDBEA0420747}.Debug|x86.Build.0 = Debug|Win32
		{55619441-9D45-4B1A-938A-BDBEA0420747}.MinSizeRel|x64.ActiveCfg = Debug|x64
		{55619441-9D45-4B1A-938A-BDBEA0420747}.MinSizeRel|x64.Build.0 = Debug|x64
		{55619441-9D45-4B1A-938A-BDBEA0420747}.MinSizeRel|x86.ActiveCfg = Debug|Win32
		{55619441-9D45-4B1A-938A-BDBEA0420747}.MinSizeRel|x86.Build.0 = Debug|Win32
		{55619441-9D45-4B1A-938A-BDBEA0420747}.Release|x64.ActiveCfg = Release|x64
		{55619441-9D45-4B1A-938A-BDBEA0420747}.Release|x64.Build.0 = Release|x64
		{55619441-9D45-4B1A-938A-BDBEA0420747}.Release|x86.ActiveCfg = Release|Win32
		{55619441-9D45-4B1A-938A-BDBEA0420747}.Release|x86.Build.0 = Release|Win32
		{55619441-9D45-4B1A-938A-BDBEA0420747}.RelWithDebInfo|x64.ActiveCfg = Release|x64
		{55619441-9D45-4B1A-938A-BDBEA0420747}.RelWithDebInfo|x64.Build.0 = Release|x64
		{55619441-9D45-4B1A-938A-BDBEA0420747}.RelWithDebInfo|x86.ActiveCfg = Release|Win32
		{55619441-9D45-4B1A-938A-BDBEA0420747}.RelWithDebInfo|x86.Build.0 = Release|Win32
		{61478B55-EE5B-416D-8547-258AD198C9A5}.Debug|x64.ActiveCfg = Debug|x64
		{61478B55-EE5B-416D-8547-258AD198C9A5}.Debug|x64.Build.0 = Debug|x64
		{61478B55-EE5B-416D-8547-258AD198C9A5}.Debug|x86.ActiveCfg = Debug|Win32
		{61478B55-EE5B-416D-8547-258AD198C9A5}.Debug|x86.Build.0 = Debug|Win32
		{61478B55-EE5B-416D-8547-258AD198C9A5}.MinSizeRel|x64.ActiveCfg = Debug|x64
		{61478B55-EE5B-416D-8547-258AD198C9A5}.MinSizeRel|x64.Build.0 = Debug|x64
		{61478B55-EE5B-416D-8547-258AD198C9A5}.MinSizeRel|x86.ActiveCfg = Debug|Win32
		{61478B55-EE5B-416D-8547-258AD198C9A5}.MinSizeRel|x86.Build.0 = Debug|Win32
		{61478B55-EE5B-416D-8547-258AD198C9A5}.Release|x64.ActiveCfg = Release|x64
		{61478B55-EE5B-416D-8547-258AD198C9A5}.Release|x64.Build.0 = Release|x64
		{61478B55-EE5B-416D-8547-258AD198C9A5}.Release|x86.ActiveCfg = Release|Win32
		{61478B55-EE5B-416D-8547-258AD198C9A5}.Release|x86.Build.0 = Release|Win32
		{61478B55-EE5B-416D-8547-258AD198C9A5}.RelWithDebInfo|x64.ActiveCfg = Release|x64
		{61478B55-EE5B-416D-8547-258AD198C9A5}.RelWithDebInfo|x64.Build.0 = Release|x64
		{61478B55-EE5B-416D-8547-258AD198C9A5}.RelWithDebInfo|x86.ActiveCfg = Release|Win32
		{61478B55-EE5B-416D-8547-258AD198C9A5}.RelWithDebInfo|x86.Build.0 = Release|Win32
		{23F4E4A1-D158-4A8E-B510-82453300368B}.Debug|x64.ActiveCfg = Debug|x64
		{23F4E4A1-D158-4A8E-B510-82453300368B}.Debug|x64.Build.0 = Debug|x64
		{23F4E4A1-D158-4A8E-B510-82453300368B}.Debug|x86.ActiveCfg = Debug|Win32
		{23F4E4A1-D158-4A8E-B510-82453300368B}.Debug|x86.Build.0 = Debug|Win32
		{23F4E4A1-D158-4A8E-B510-82453300368B}.MinSizeRel|x64.ActiveCfg = Debug|x64
		{23F4E4A1-D158-4A8E-B510-82453300368B}.MinSizeRel|x64.Build.0 = Debug|x64
		{23F4E4A1-D158-4A8E-B510-82453300368B}.MinSizeRel|x86.ActiveCfg = Debug|Win32
		{23F4E4A1-D158-4A8E-B510-82453300368B}.MinSizeRel|x86.Build.0 = Debug|Win32
		{23F4E4A1-D158-4A8E-B510-82453300368B}.Release|x64.ActiveCfg = Release|x64
		{23F4E4A1-D158-4A8E-B510-82453300368B}.Release|x64.Build.0 = Release|x64
		{23F4E4A1-D158-4A8E-B510-82453300368B}.Release|x86.ActiveCfg = Release|Win32
		{23F4E4A1-D158-4A8E-B510-82453300368B}.Release|x86.Build.0 = Release|Win32
		{23F4E4A1-D158-4A8E-B510-82453300368B}.RelWithDebInfo|x64.ActiveCfg = Release|x64
		{23F4E4A1-D158-4A8E-B510-82453300368B}.RelWithDebInfo|x64.Build.0 = Release|x64
		{23F4E4A1-D158-4A8E-B510-82453300368B}.RelWithDebInfo|x86.ActiveCfg = Release|Win32
		{23F4E4A1-D158-4A8E-B510-82453300368B}.RelWithDebInfo|x86.Build.0 = Release|Win32
	EndGlobalSection
	GlobalSection(SolutionProperties) = preSolution
		HideSolutionNode = FALSE
	EndGlobalSection
	GlobalSection(NestedProjects) = preSolution
		{E89016D0-8E5C-4943-9FE0-630439D03459} = {2AA43660-8CC2-4655-9575-DD7CCDCD2545}
		{056929FF-F5CE-44F6-97A1-9F2493E7A9CB} = {520B23CD-C9D6-4D2D-A3D8-D813F8C987E5}
		{26B32CDF-4053-4C0E-8EC5-88A5F6D2AB0C} = {520B23CD-C9D6-4D2D-A3D8-D813F8C987E5}
		{D90058FE-A387-4B89-BDBF-54D42176AF6E} = {A79A634D-E860-4F70-B4DB-CF14511BDF82}
		{9A3C6794-6AE5-476E-B121-21111EEF645A} = {520B23CD-C9D6-4D2D-A3D8-D813F8C987E5}
		{EDC16F52-1260-4CB7-AA5C-12F346674DCA} = {A79A634D-E860-4F70-B4DB-CF14511BDF82}
		{98839C65-D382-4AE8-A685-98BB10FC36A2} = {2AA43660-8CC2-4655-9575-DD7CCDCD2545}
		{CC9FCC6E-4F9B-4C36-B1CE-AE0A07923750} = {2AA43660-8CC2-4655-9575-DD7CCDCD2545}
		{D1DB1420-86E1-41D3-A59B-FB44646C311C} = {A79A634D-E860-4F70-B4DB-CF14511BDF82}
		{6A271C05-6E79-46F1-90D6-70A71FDB3EF9} = {520B23CD-C9D6-4D2D-A3D8-D813F8C987E5}
		{6F7DDC0E-541A-4A52-90B7-8A4FC10B6C5B} = {520B23CD-C9D6-4D2D-A3D8-D813F8C987E5}
		{70A7AE0B-D376-42C3-A498-3CEB3C64EB5F} = {A79A634D-E860-4F70-B4DB-CF14511BDF82}
		{9100FB92-2660-4F0B-AFA2-46EF5AF8C80A} = {A79A634D-E860-4F70-B4DB-CF14511BDF82}
		{59104300-215D-4D30-9700-AC9561F38407} = {467822F6-AD68-4520-AAAE-6225CB65ABD3}
		{5AE76ECA-77F1-4D94-AB3B-CA570099A9A5} = {467822F6-AD68-4520-AAAE-6225CB65ABD3}
		{E0F0AB7A-D47B-46C4-9C99-262205D017D7} = {A79A634D-E860-4F70-B4DB-CF14511BDF82}
		{CEB2F17D-6561-4018-B46A-7EAF3F1E0E99} = {467822F6-AD68-4520-AAAE-6225CB65ABD3}
		{BEE7CEEE-7A0C-44A4-9D07-01B7D127D341} = {467822F6-AD68-4520-AAAE-6225CB65ABD3}
		{3456BBF3-34D6-400D-B48B-5F5E081F69ED} = {520B23CD-C9D6-4D2D-A3D8-D813F8C987E5}
		{27DDD63B-CD66-4039-A109-25DD661775F3} = {A79A634D-E860-4F70-B4DB-CF14511BDF82}
		{43E42C1D-CD7F-4B18-8980-DDE662435167} = {A79A634D-E860-4F70-B4DB-CF14511BDF82}
		{7608E412-5B67-4326-BE3C-AB8467EFDC2C} = {2AA43660-8CC2-4655-9575-DD7CCDCD2545}
		{D46379D6-6127-441C-9864-E05AFAD82B81} = {A79A634D-E860-4F70-B4DB-CF14511BDF82}
		{8F5F2681-3052-407D-9865-F495B261FB44} = {A79A634D-E860-4F70-B4DB-CF14511BDF82}
		{287E2A23-E84F-474B-9B8A-69FA79D1E9F1} = {2AA43660-8CC2-4655-9575-DD7CCDCD2545}
		{55AC1806-B859-452E-9348-BCE58C1CA50B} = {A79A634D-E860-4F70-B4DB-CF14511BDF82}
		{A4CADDF0-58F5-4FC3-B9A4-C2ECAB839F26} = {2AA43660-8CC2-4655-9575-DD7CCDCD2545}
		{55619441-9D45-4B1A-938A-BDBEA0420747} = {520B23CD-C9D6-4D2D-A3D8-D813F8C987E5}
		{61478B55-EE5B-416D-8547-258AD198C9A5} = {520B23CD-C9D6-4D2D-A3D8-D813F8C987E5}
		{23F4E4A1-D158-4A8E-B510-82453300368B} = {A79A634D-E860-4F70-B4DB-CF14511BDF82}
	EndGlobalSection
	GlobalSection(ExtensibilityGlobals) = postSolution
		SolutionGuid = {173A0C14-D804-423B-880A-EB381F0DCE00}
	EndGlobalSection
EndGlobal
